
Microsoft Visual Studio Solution File, Format Version 12.00
# Visual Studio 14
VisualStudioVersion = 14.0.22609.0
MinimumVisualStudioVersion = 10.0.40219.1
Project("{FAE04EC0-301F-11D3-BF4B-00C04F79EFBC}") = "Nine.Application.Android", "src\Android\Nine.Application.Android.csproj", "{FE80D01E-8F61-4406-92CA-FF8975ABA68D}"
EndProject
Project("{FAE04EC0-301F-11D3-BF4B-00C04F79EFBC}") = "Nine.Application.iOS", "src\iOS\Nine.Application.iOS.csproj", "{AD3AE07E-5F2D-4B64-BBE5-86E951583E8F}"
EndProject
Project("{FAE04EC0-301F-11D3-BF4B-00C04F79EFBC}") = "Nine.Application", "src\Portable\Nine.Application.csproj", "{E0C2A8FA-8A86-4E45-A335-1333C3F29DCF}"
EndProject
Project("{FAE04EC0-301F-11D3-BF4B-00C04F79EFBC}") = "Nine.Application.Windows", "src\Windows\Nine.Application.Windows.csproj", "{65BC127C-F7CA-4758-B0BF-1E373790D1B7}"
EndProject
Project("{FAE04EC0-301F-11D3-BF4B-00C04F79EFBC}") = "Nine.Application.WindowsStore", "src\WindowsStore\Nine.Application.WindowsStore.csproj", "{32265C11-F80F-48DA-95EC-3378E3563719}"
EndProject
Project("{2150E333-8FDC-42A3-9474-1A3956D46DE8}") = "src", "src", "{6939EB8B-3039-4DAC-BB35-DB3BE837EAB5}"
EndProject
Project("{2150E333-8FDC-42A3-9474-1A3956D46DE8}") = "test", "test", "{5EB4DA8A-1C4E-4067-B889-2F04ABDB2563}"
EndProject
Project("{FAE04EC0-301F-11D3-BF4B-00C04F79EFBC}") = "Nine.Application.Test", "test\Portable\Nine.Application.Test.csproj", "{FF58836B-1848-4F63-8FFB-DF203E75D96C}"
EndProject
Project("{FAE04EC0-301F-11D3-BF4B-00C04F79EFBC}") = "Nine.Application.WindowsPhone", "src\WindowsPhone\Nine.Application.WindowsPhone.csproj", "{FCD4FDBD-60CA-4441-A286-3679968E6B0D}"
EndProject
Project("{FAE04EC0-301F-11D3-BF4B-00C04F79EFBC}") = "Nine.Application.Windows.Test", "test\Windows\Nine.Application.Windows.Test.csproj", "{76DFA537-B10C-4958-86C7-A82566FA2284}"
EndProject
Project("{FAE04EC0-301F-11D3-BF4B-00C04F79EFBC}") = "Nine.Application.WindowsPhone.Test", "test\WindowsPhone\Nine.Application.WindowsPhone.Test.csproj", "{9701D797-2B78-4ECB-AA46-994BFD9A44B9}"
EndProject
Project("{FAE04EC0-301F-11D3-BF4B-00C04F79EFBC}") = "Nine.Application.Android.Test", "test\Android\Nine.Application.Android.Test.csproj", "{5DFD550D-772E-4135-8A2E-AF737EBFF36C}"
EndProject
Project("{FAE04EC0-301F-11D3-BF4B-00C04F79EFBC}") = "Nine.Application.iOS.Test", "test\iOS\Nine.Application.iOS.Test.csproj", "{75536697-5C71-4EE1-B78E-BCA0F0337478}"
EndProject
Project("{FAE04EC0-301F-11D3-BF4B-00C04F79EFBC}") = "Nine.Application.WindowsStore.Test", "test\WindowsStore\Nine.Application.WindowsStore.Test.csproj", "{8A55E99A-0763-44A4-BFF4-38B0F726491C}"
EndProject
Global
	GlobalSection(SolutionConfigurationPlatforms) = preSolution
		Ad-Hoc|Any CPU = Ad-Hoc|Any CPU
		Ad-Hoc|ARM = Ad-Hoc|ARM
		Ad-Hoc|iPhone = Ad-Hoc|iPhone
		Ad-Hoc|iPhoneSimulator = Ad-Hoc|iPhoneSimulator
		Ad-Hoc|x64 = Ad-Hoc|x64
		Ad-Hoc|x86 = Ad-Hoc|x86
		AppStore|Any CPU = AppStore|Any CPU
		AppStore|ARM = AppStore|ARM
		AppStore|iPhone = AppStore|iPhone
		AppStore|iPhoneSimulator = AppStore|iPhoneSimulator
		AppStore|x64 = AppStore|x64
		AppStore|x86 = AppStore|x86
		Debug|Any CPU = Debug|Any CPU
		Debug|ARM = Debug|ARM
		Debug|iPhone = Debug|iPhone
		Debug|iPhoneSimulator = Debug|iPhoneSimulator
		Debug|x64 = Debug|x64
		Debug|x86 = Debug|x86
		Release|Any CPU = Release|Any CPU
		Release|ARM = Release|ARM
		Release|iPhone = Release|iPhone
		Release|iPhoneSimulator = Release|iPhoneSimulator
		Release|x64 = Release|x64
		Release|x86 = Release|x86
	EndGlobalSection
	GlobalSection(ProjectConfigurationPlatforms) = postSolution
		{FE80D01E-8F61-4406-92CA-FF8975ABA68D}.Ad-Hoc|Any CPU.ActiveCfg = Release|Any CPU
		{FE80D01E-8F61-4406-92CA-FF8975ABA68D}.Ad-Hoc|Any CPU.Build.0 = Release|Any CPU
		{FE80D01E-8F61-4406-92CA-FF8975ABA68D}.Ad-Hoc|ARM.ActiveCfg = Release|Any CPU
		{FE80D01E-8F61-4406-92CA-FF8975ABA68D}.Ad-Hoc|ARM.Build.0 = Release|Any CPU
		{FE80D01E-8F61-4406-92CA-FF8975ABA68D}.Ad-Hoc|iPhone.ActiveCfg = Release|Any CPU
		{FE80D01E-8F61-4406-92CA-FF8975ABA68D}.Ad-Hoc|iPhone.Build.0 = Release|Any CPU
		{FE80D01E-8F61-4406-92CA-FF8975ABA68D}.Ad-Hoc|iPhoneSimulator.ActiveCfg = Release|Any CPU
		{FE80D01E-8F61-4406-92CA-FF8975ABA68D}.Ad-Hoc|iPhoneSimulator.Build.0 = Release|Any CPU
		{FE80D01E-8F61-4406-92CA-FF8975ABA68D}.Ad-Hoc|x64.ActiveCfg = Release|Any CPU
		{FE80D01E-8F61-4406-92CA-FF8975ABA68D}.Ad-Hoc|x64.Build.0 = Release|Any CPU
		{FE80D01E-8F61-4406-92CA-FF8975ABA68D}.Ad-Hoc|x86.ActiveCfg = Release|Any CPU
		{FE80D01E-8F61-4406-92CA-FF8975ABA68D}.Ad-Hoc|x86.Build.0 = Release|Any CPU
		{FE80D01E-8F61-4406-92CA-FF8975ABA68D}.AppStore|Any CPU.ActiveCfg = Release|Any CPU
		{FE80D01E-8F61-4406-92CA-FF8975ABA68D}.AppStore|Any CPU.Build.0 = Release|Any CPU
		{FE80D01E-8F61-4406-92CA-FF8975ABA68D}.AppStore|ARM.ActiveCfg = Release|Any CPU
		{FE80D01E-8F61-4406-92CA-FF8975ABA68D}.AppStore|ARM.Build.0 = Release|Any CPU
		{FE80D01E-8F61-4406-92CA-FF8975ABA68D}.AppStore|iPhone.ActiveCfg = Release|Any CPU
		{FE80D01E-8F61-4406-92CA-FF8975ABA68D}.AppStore|iPhone.Build.0 = Release|Any CPU
		{FE80D01E-8F61-4406-92CA-FF8975ABA68D}.AppStore|iPhoneSimulator.ActiveCfg = Release|Any CPU
		{FE80D01E-8F61-4406-92CA-FF8975ABA68D}.AppStore|iPhoneSimulator.Build.0 = Release|Any CPU
		{FE80D01E-8F61-4406-92CA-FF8975ABA68D}.AppStore|x64.ActiveCfg = Release|Any CPU
		{FE80D01E-8F61-4406-92CA-FF8975ABA68D}.AppStore|x64.Build.0 = Release|Any CPU
		{FE80D01E-8F61-4406-92CA-FF8975ABA68D}.AppStore|x86.ActiveCfg = Release|Any CPU
		{FE80D01E-8F61-4406-92CA-FF8975ABA68D}.AppStore|x86.Build.0 = Release|Any CPU
		{FE80D01E-8F61-4406-92CA-FF8975ABA68D}.Debug|Any CPU.ActiveCfg = Debug|Any CPU
		{FE80D01E-8F61-4406-92CA-FF8975ABA68D}.Debug|Any CPU.Build.0 = Debug|Any CPU
		{FE80D01E-8F61-4406-92CA-FF8975ABA68D}.Debug|ARM.ActiveCfg = Debug|Any CPU
		{FE80D01E-8F61-4406-92CA-FF8975ABA68D}.Debug|ARM.Build.0 = Debug|Any CPU
		{FE80D01E-8F61-4406-92CA-FF8975ABA68D}.Debug|iPhone.ActiveCfg = Debug|Any CPU
		{FE80D01E-8F61-4406-92CA-FF8975ABA68D}.Debug|iPhone.Build.0 = Debug|Any CPU
		{FE80D01E-8F61-4406-92CA-FF8975ABA68D}.Debug|iPhoneSimulator.ActiveCfg = Debug|Any CPU
		{FE80D01E-8F61-4406-92CA-FF8975ABA68D}.Debug|iPhoneSimulator.Build.0 = Debug|Any CPU
		{FE80D01E-8F61-4406-92CA-FF8975ABA68D}.Debug|x64.ActiveCfg = Debug|Any CPU
		{FE80D01E-8F61-4406-92CA-FF8975ABA68D}.Debug|x64.Build.0 = Debug|Any CPU
		{FE80D01E-8F61-4406-92CA-FF8975ABA68D}.Debug|x86.ActiveCfg = Debug|Any CPU
		{FE80D01E-8F61-4406-92CA-FF8975ABA68D}.Debug|x86.Build.0 = Debug|Any CPU
		{FE80D01E-8F61-4406-92CA-FF8975ABA68D}.Release|Any CPU.ActiveCfg = Release|Any CPU
		{FE80D01E-8F61-4406-92CA-FF8975ABA68D}.Release|Any CPU.Build.0 = Release|Any CPU
		{FE80D01E-8F61-4406-92CA-FF8975ABA68D}.Release|ARM.ActiveCfg = Release|Any CPU
		{FE80D01E-8F61-4406-92CA-FF8975ABA68D}.Release|ARM.Build.0 = Release|Any CPU
		{FE80D01E-8F61-4406-92CA-FF8975ABA68D}.Release|iPhone.ActiveCfg = Release|Any CPU
		{FE80D01E-8F61-4406-92CA-FF8975ABA68D}.Release|iPhone.Build.0 = Release|Any CPU
		{FE80D01E-8F61-4406-92CA-FF8975ABA68D}.Release|iPhoneSimulator.ActiveCfg = Release|Any CPU
		{FE80D01E-8F61-4406-92CA-FF8975ABA68D}.Release|iPhoneSimulator.Build.0 = Release|Any CPU
		{FE80D01E-8F61-4406-92CA-FF8975ABA68D}.Release|x64.ActiveCfg = Release|Any CPU
		{FE80D01E-8F61-4406-92CA-FF8975ABA68D}.Release|x64.Build.0 = Release|Any CPU
		{FE80D01E-8F61-4406-92CA-FF8975ABA68D}.Release|x86.ActiveCfg = Release|Any CPU
		{FE80D01E-8F61-4406-92CA-FF8975ABA68D}.Release|x86.Build.0 = Release|Any CPU
		{AD3AE07E-5F2D-4B64-BBE5-86E951583E8F}.Ad-Hoc|Any CPU.ActiveCfg = Release|Any CPU
		{AD3AE07E-5F2D-4B64-BBE5-86E951583E8F}.Ad-Hoc|Any CPU.Build.0 = Release|Any CPU
		{AD3AE07E-5F2D-4B64-BBE5-86E951583E8F}.Ad-Hoc|ARM.ActiveCfg = Release|Any CPU
		{AD3AE07E-5F2D-4B64-BBE5-86E951583E8F}.Ad-Hoc|ARM.Build.0 = Release|Any CPU
		{AD3AE07E-5F2D-4B64-BBE5-86E951583E8F}.Ad-Hoc|iPhone.ActiveCfg = Release|Any CPU
		{AD3AE07E-5F2D-4B64-BBE5-86E951583E8F}.Ad-Hoc|iPhone.Build.0 = Release|Any CPU
		{AD3AE07E-5F2D-4B64-BBE5-86E951583E8F}.Ad-Hoc|iPhoneSimulator.ActiveCfg = Release|Any CPU
		{AD3AE07E-5F2D-4B64-BBE5-86E951583E8F}.Ad-Hoc|iPhoneSimulator.Build.0 = Release|Any CPU
		{AD3AE07E-5F2D-4B64-BBE5-86E951583E8F}.Ad-Hoc|x64.ActiveCfg = Release|Any CPU
		{AD3AE07E-5F2D-4B64-BBE5-86E951583E8F}.Ad-Hoc|x64.Build.0 = Release|Any CPU
		{AD3AE07E-5F2D-4B64-BBE5-86E951583E8F}.Ad-Hoc|x86.ActiveCfg = Release|Any CPU
		{AD3AE07E-5F2D-4B64-BBE5-86E951583E8F}.Ad-Hoc|x86.Build.0 = Release|Any CPU
		{AD3AE07E-5F2D-4B64-BBE5-86E951583E8F}.AppStore|Any CPU.ActiveCfg = Release|Any CPU
		{AD3AE07E-5F2D-4B64-BBE5-86E951583E8F}.AppStore|Any CPU.Build.0 = Release|Any CPU
		{AD3AE07E-5F2D-4B64-BBE5-86E951583E8F}.AppStore|ARM.ActiveCfg = Release|Any CPU
		{AD3AE07E-5F2D-4B64-BBE5-86E951583E8F}.AppStore|ARM.Build.0 = Release|Any CPU
		{AD3AE07E-5F2D-4B64-BBE5-86E951583E8F}.AppStore|iPhone.ActiveCfg = Release|Any CPU
		{AD3AE07E-5F2D-4B64-BBE5-86E951583E8F}.AppStore|iPhone.Build.0 = Release|Any CPU
		{AD3AE07E-5F2D-4B64-BBE5-86E951583E8F}.AppStore|iPhoneSimulator.ActiveCfg = Release|Any CPU
		{AD3AE07E-5F2D-4B64-BBE5-86E951583E8F}.AppStore|iPhoneSimulator.Build.0 = Release|Any CPU
		{AD3AE07E-5F2D-4B64-BBE5-86E951583E8F}.AppStore|x64.ActiveCfg = Release|Any CPU
		{AD3AE07E-5F2D-4B64-BBE5-86E951583E8F}.AppStore|x64.Build.0 = Release|Any CPU
		{AD3AE07E-5F2D-4B64-BBE5-86E951583E8F}.AppStore|x86.ActiveCfg = Release|Any CPU
		{AD3AE07E-5F2D-4B64-BBE5-86E951583E8F}.AppStore|x86.Build.0 = Release|Any CPU
		{AD3AE07E-5F2D-4B64-BBE5-86E951583E8F}.Debug|Any CPU.ActiveCfg = Debug|Any CPU
		{AD3AE07E-5F2D-4B64-BBE5-86E951583E8F}.Debug|Any CPU.Build.0 = Debug|Any CPU
		{AD3AE07E-5F2D-4B64-BBE5-86E951583E8F}.Debug|ARM.ActiveCfg = Debug|Any CPU
		{AD3AE07E-5F2D-4B64-BBE5-86E951583E8F}.Debug|ARM.Build.0 = Debug|Any CPU
		{AD3AE07E-5F2D-4B64-BBE5-86E951583E8F}.Debug|iPhone.ActiveCfg = Debug|Any CPU
		{AD3AE07E-5F2D-4B64-BBE5-86E951583E8F}.Debug|iPhone.Build.0 = Debug|Any CPU
		{AD3AE07E-5F2D-4B64-BBE5-86E951583E8F}.Debug|iPhoneSimulator.ActiveCfg = Debug|Any CPU
		{AD3AE07E-5F2D-4B64-BBE5-86E951583E8F}.Debug|iPhoneSimulator.Build.0 = Debug|Any CPU
		{AD3AE07E-5F2D-4B64-BBE5-86E951583E8F}.Debug|x64.ActiveCfg = Debug|Any CPU
		{AD3AE07E-5F2D-4B64-BBE5-86E951583E8F}.Debug|x64.Build.0 = Debug|Any CPU
		{AD3AE07E-5F2D-4B64-BBE5-86E951583E8F}.Debug|x86.ActiveCfg = Debug|Any CPU
		{AD3AE07E-5F2D-4B64-BBE5-86E951583E8F}.Debug|x86.Build.0 = Debug|Any CPU
		{AD3AE07E-5F2D-4B64-BBE5-86E951583E8F}.Release|Any CPU.ActiveCfg = Release|Any CPU
		{AD3AE07E-5F2D-4B64-BBE5-86E951583E8F}.Release|Any CPU.Build.0 = Release|Any CPU
		{AD3AE07E-5F2D-4B64-BBE5-86E951583E8F}.Release|ARM.ActiveCfg = Release|Any CPU
		{AD3AE07E-5F2D-4B64-BBE5-86E951583E8F}.Release|ARM.Build.0 = Release|Any CPU
		{AD3AE07E-5F2D-4B64-BBE5-86E951583E8F}.Release|iPhone.ActiveCfg = Release|Any CPU
		{AD3AE07E-5F2D-4B64-BBE5-86E951583E8F}.Release|iPhone.Build.0 = Release|Any CPU
		{AD3AE07E-5F2D-4B64-BBE5-86E951583E8F}.Release|iPhoneSimulator.ActiveCfg = Release|Any CPU
		{AD3AE07E-5F2D-4B64-BBE5-86E951583E8F}.Release|iPhoneSimulator.Build.0 = Release|Any CPU
		{AD3AE07E-5F2D-4B64-BBE5-86E951583E8F}.Release|x64.ActiveCfg = Release|Any CPU
		{AD3AE07E-5F2D-4B64-BBE5-86E951583E8F}.Release|x64.Build.0 = Release|Any CPU
		{AD3AE07E-5F2D-4B64-BBE5-86E951583E8F}.Release|x86.ActiveCfg = Release|Any CPU
		{AD3AE07E-5F2D-4B64-BBE5-86E951583E8F}.Release|x86.Build.0 = Release|Any CPU
		{E0C2A8FA-8A86-4E45-A335-1333C3F29DCF}.Ad-Hoc|Any CPU.ActiveCfg = Release|Any CPU
		{E0C2A8FA-8A86-4E45-A335-1333C3F29DCF}.Ad-Hoc|Any CPU.Build.0 = Release|Any CPU
		{E0C2A8FA-8A86-4E45-A335-1333C3F29DCF}.Ad-Hoc|ARM.ActiveCfg = Release|Any CPU
		{E0C2A8FA-8A86-4E45-A335-1333C3F29DCF}.Ad-Hoc|ARM.Build.0 = Release|Any CPU
		{E0C2A8FA-8A86-4E45-A335-1333C3F29DCF}.Ad-Hoc|iPhone.ActiveCfg = Release|Any CPU
		{E0C2A8FA-8A86-4E45-A335-1333C3F29DCF}.Ad-Hoc|iPhone.Build.0 = Release|Any CPU
		{E0C2A8FA-8A86-4E45-A335-1333C3F29DCF}.Ad-Hoc|iPhoneSimulator.ActiveCfg = Release|Any CPU
		{E0C2A8FA-8A86-4E45-A335-1333C3F29DCF}.Ad-Hoc|iPhoneSimulator.Build.0 = Release|Any CPU
		{E0C2A8FA-8A86-4E45-A335-1333C3F29DCF}.Ad-Hoc|x64.ActiveCfg = Release|Any CPU
		{E0C2A8FA-8A86-4E45-A335-1333C3F29DCF}.Ad-Hoc|x64.Build.0 = Release|Any CPU
		{E0C2A8FA-8A86-4E45-A335-1333C3F29DCF}.Ad-Hoc|x86.ActiveCfg = Release|Any CPU
		{E0C2A8FA-8A86-4E45-A335-1333C3F29DCF}.Ad-Hoc|x86.Build.0 = Release|Any CPU
		{E0C2A8FA-8A86-4E45-A335-1333C3F29DCF}.AppStore|Any CPU.ActiveCfg = Release|Any CPU
		{E0C2A8FA-8A86-4E45-A335-1333C3F29DCF}.AppStore|Any CPU.Build.0 = Release|Any CPU
		{E0C2A8FA-8A86-4E45-A335-1333C3F29DCF}.AppStore|ARM.ActiveCfg = Release|Any CPU
		{E0C2A8FA-8A86-4E45-A335-1333C3F29DCF}.AppStore|ARM.Build.0 = Release|Any CPU
		{E0C2A8FA-8A86-4E45-A335-1333C3F29DCF}.AppStore|iPhone.ActiveCfg = Release|Any CPU
		{E0C2A8FA-8A86-4E45-A335-1333C3F29DCF}.AppStore|iPhone.Build.0 = Release|Any CPU
		{E0C2A8FA-8A86-4E45-A335-1333C3F29DCF}.AppStore|iPhoneSimulator.ActiveCfg = Release|Any CPU
		{E0C2A8FA-8A86-4E45-A335-1333C3F29DCF}.AppStore|iPhoneSimulator.Build.0 = Release|Any CPU
		{E0C2A8FA-8A86-4E45-A335-1333C3F29DCF}.AppStore|x64.ActiveCfg = Release|Any CPU
		{E0C2A8FA-8A86-4E45-A335-1333C3F29DCF}.AppStore|x64.Build.0 = Release|Any CPU
		{E0C2A8FA-8A86-4E45-A335-1333C3F29DCF}.AppStore|x86.ActiveCfg = Release|Any CPU
		{E0C2A8FA-8A86-4E45-A335-1333C3F29DCF}.AppStore|x86.Build.0 = Release|Any CPU
		{E0C2A8FA-8A86-4E45-A335-1333C3F29DCF}.Debug|Any CPU.ActiveCfg = Debug|Any CPU
		{E0C2A8FA-8A86-4E45-A335-1333C3F29DCF}.Debug|Any CPU.Build.0 = Debug|Any CPU
		{E0C2A8FA-8A86-4E45-A335-1333C3F29DCF}.Debug|ARM.ActiveCfg = Debug|Any CPU
		{E0C2A8FA-8A86-4E45-A335-1333C3F29DCF}.Debug|ARM.Build.0 = Debug|Any CPU
		{E0C2A8FA-8A86-4E45-A335-1333C3F29DCF}.Debug|iPhone.ActiveCfg = Debug|Any CPU
		{E0C2A8FA-8A86-4E45-A335-1333C3F29DCF}.Debug|iPhone.Build.0 = Debug|Any CPU
		{E0C2A8FA-8A86-4E45-A335-1333C3F29DCF}.Debug|iPhoneSimulator.ActiveCfg = Debug|Any CPU
		{E0C2A8FA-8A86-4E45-A335-1333C3F29DCF}.Debug|iPhoneSimulator.Build.0 = Debug|Any CPU
		{E0C2A8FA-8A86-4E45-A335-1333C3F29DCF}.Debug|x64.ActiveCfg = Debug|Any CPU
		{E0C2A8FA-8A86-4E45-A335-1333C3F29DCF}.Debug|x64.Build.0 = Debug|Any CPU
		{E0C2A8FA-8A86-4E45-A335-1333C3F29DCF}.Debug|x86.ActiveCfg = Debug|Any CPU
		{E0C2A8FA-8A86-4E45-A335-1333C3F29DCF}.Debug|x86.Build.0 = Debug|Any CPU
		{E0C2A8FA-8A86-4E45-A335-1333C3F29DCF}.Release|Any CPU.ActiveCfg = Release|Any CPU
		{E0C2A8FA-8A86-4E45-A335-1333C3F29DCF}.Release|Any CPU.Build.0 = Release|Any CPU
		{E0C2A8FA-8A86-4E45-A335-1333C3F29DCF}.Release|ARM.ActiveCfg = Release|Any CPU
		{E0C2A8FA-8A86-4E45-A335-1333C3F29DCF}.Release|ARM.Build.0 = Release|Any CPU
		{E0C2A8FA-8A86-4E45-A335-1333C3F29DCF}.Release|iPhone.ActiveCfg = Release|Any CPU
		{E0C2A8FA-8A86-4E45-A335-1333C3F29DCF}.Release|iPhone.Build.0 = Release|Any CPU
		{E0C2A8FA-8A86-4E45-A335-1333C3F29DCF}.Release|iPhoneSimulator.ActiveCfg = Release|Any CPU
		{E0C2A8FA-8A86-4E45-A335-1333C3F29DCF}.Release|iPhoneSimulator.Build.0 = Release|Any CPU
		{E0C2A8FA-8A86-4E45-A335-1333C3F29DCF}.Release|x64.ActiveCfg = Release|Any CPU
		{E0C2A8FA-8A86-4E45-A335-1333C3F29DCF}.Release|x64.Build.0 = Release|Any CPU
		{E0C2A8FA-8A86-4E45-A335-1333C3F29DCF}.Release|x86.ActiveCfg = Release|Any CPU
		{E0C2A8FA-8A86-4E45-A335-1333C3F29DCF}.Release|x86.Build.0 = Release|Any CPU
		{65BC127C-F7CA-4758-B0BF-1E373790D1B7}.Ad-Hoc|Any CPU.ActiveCfg = Release|Any CPU
		{65BC127C-F7CA-4758-B0BF-1E373790D1B7}.Ad-Hoc|Any CPU.Build.0 = Release|Any CPU
		{65BC127C-F7CA-4758-B0BF-1E373790D1B7}.Ad-Hoc|ARM.ActiveCfg = Release|Any CPU
		{65BC127C-F7CA-4758-B0BF-1E373790D1B7}.Ad-Hoc|ARM.Build.0 = Release|Any CPU
		{65BC127C-F7CA-4758-B0BF-1E373790D1B7}.Ad-Hoc|iPhone.ActiveCfg = Release|Any CPU
		{65BC127C-F7CA-4758-B0BF-1E373790D1B7}.Ad-Hoc|iPhone.Build.0 = Release|Any CPU
		{65BC127C-F7CA-4758-B0BF-1E373790D1B7}.Ad-Hoc|iPhoneSimulator.ActiveCfg = Release|Any CPU
		{65BC127C-F7CA-4758-B0BF-1E373790D1B7}.Ad-Hoc|iPhoneSimulator.Build.0 = Release|Any CPU
		{65BC127C-F7CA-4758-B0BF-1E373790D1B7}.Ad-Hoc|x64.ActiveCfg = Release|Any CPU
		{65BC127C-F7CA-4758-B0BF-1E373790D1B7}.Ad-Hoc|x64.Build.0 = Release|Any CPU
		{65BC127C-F7CA-4758-B0BF-1E373790D1B7}.Ad-Hoc|x86.ActiveCfg = Release|Any CPU
		{65BC127C-F7CA-4758-B0BF-1E373790D1B7}.Ad-Hoc|x86.Build.0 = Release|Any CPU
		{65BC127C-F7CA-4758-B0BF-1E373790D1B7}.AppStore|Any CPU.ActiveCfg = Release|Any CPU
		{65BC127C-F7CA-4758-B0BF-1E373790D1B7}.AppStore|Any CPU.Build.0 = Release|Any CPU
		{65BC127C-F7CA-4758-B0BF-1E373790D1B7}.AppStore|ARM.ActiveCfg = Release|Any CPU
		{65BC127C-F7CA-4758-B0BF-1E373790D1B7}.AppStore|ARM.Build.0 = Release|Any CPU
		{65BC127C-F7CA-4758-B0BF-1E373790D1B7}.AppStore|iPhone.ActiveCfg = Release|Any CPU
		{65BC127C-F7CA-4758-B0BF-1E373790D1B7}.AppStore|iPhone.Build.0 = Release|Any CPU
		{65BC127C-F7CA-4758-B0BF-1E373790D1B7}.AppStore|iPhoneSimulator.ActiveCfg = Release|Any CPU
		{65BC127C-F7CA-4758-B0BF-1E373790D1B7}.AppStore|iPhoneSimulator.Build.0 = Release|Any CPU
		{65BC127C-F7CA-4758-B0BF-1E373790D1B7}.AppStore|x64.ActiveCfg = Release|Any CPU
		{65BC127C-F7CA-4758-B0BF-1E373790D1B7}.AppStore|x64.Build.0 = Release|Any CPU
		{65BC127C-F7CA-4758-B0BF-1E373790D1B7}.AppStore|x86.ActiveCfg = Release|Any CPU
		{65BC127C-F7CA-4758-B0BF-1E373790D1B7}.AppStore|x86.Build.0 = Release|Any CPU
		{65BC127C-F7CA-4758-B0BF-1E373790D1B7}.Debug|Any CPU.ActiveCfg = Debug|Any CPU
		{65BC127C-F7CA-4758-B0BF-1E373790D1B7}.Debug|Any CPU.Build.0 = Debug|Any CPU
		{65BC127C-F7CA-4758-B0BF-1E373790D1B7}.Debug|ARM.ActiveCfg = Debug|Any CPU
		{65BC127C-F7CA-4758-B0BF-1E373790D1B7}.Debug|ARM.Build.0 = Debug|Any CPU
		{65BC127C-F7CA-4758-B0BF-1E373790D1B7}.Debug|iPhone.ActiveCfg = Debug|Any CPU
		{65BC127C-F7CA-4758-B0BF-1E373790D1B7}.Debug|iPhone.Build.0 = Debug|Any CPU
		{65BC127C-F7CA-4758-B0BF-1E373790D1B7}.Debug|iPhoneSimulator.ActiveCfg = Debug|Any CPU
		{65BC127C-F7CA-4758-B0BF-1E373790D1B7}.Debug|iPhoneSimulator.Build.0 = Debug|Any CPU
		{65BC127C-F7CA-4758-B0BF-1E373790D1B7}.Debug|x64.ActiveCfg = Debug|Any CPU
		{65BC127C-F7CA-4758-B0BF-1E373790D1B7}.Debug|x64.Build.0 = Debug|Any CPU
		{65BC127C-F7CA-4758-B0BF-1E373790D1B7}.Debug|x86.ActiveCfg = Debug|Any CPU
		{65BC127C-F7CA-4758-B0BF-1E373790D1B7}.Debug|x86.Build.0 = Debug|Any CPU
		{65BC127C-F7CA-4758-B0BF-1E373790D1B7}.Release|Any CPU.ActiveCfg = Release|Any CPU
		{65BC127C-F7CA-4758-B0BF-1E373790D1B7}.Release|Any CPU.Build.0 = Release|Any CPU
		{65BC127C-F7CA-4758-B0BF-1E373790D1B7}.Release|ARM.ActiveCfg = Release|Any CPU
		{65BC127C-F7CA-4758-B0BF-1E373790D1B7}.Release|ARM.Build.0 = Release|Any CPU
		{65BC127C-F7CA-4758-B0BF-1E373790D1B7}.Release|iPhone.ActiveCfg = Release|Any CPU
		{65BC127C-F7CA-4758-B0BF-1E373790D1B7}.Release|iPhone.Build.0 = Release|Any CPU
		{65BC127C-F7CA-4758-B0BF-1E373790D1B7}.Release|iPhoneSimulator.ActiveCfg = Release|Any CPU
		{65BC127C-F7CA-4758-B0BF-1E373790D1B7}.Release|iPhoneSimulator.Build.0 = Release|Any CPU
		{65BC127C-F7CA-4758-B0BF-1E373790D1B7}.Release|x64.ActiveCfg = Release|Any CPU
		{65BC127C-F7CA-4758-B0BF-1E373790D1B7}.Release|x64.Build.0 = Release|Any CPU
		{65BC127C-F7CA-4758-B0BF-1E373790D1B7}.Release|x86.ActiveCfg = Release|Any CPU
		{65BC127C-F7CA-4758-B0BF-1E373790D1B7}.Release|x86.Build.0 = Release|Any CPU
		{32265C11-F80F-48DA-95EC-3378E3563719}.Ad-Hoc|Any CPU.ActiveCfg = Debug|x86
		{32265C11-F80F-48DA-95EC-3378E3563719}.Ad-Hoc|ARM.ActiveCfg = Debug|x86
		{32265C11-F80F-48DA-95EC-3378E3563719}.Ad-Hoc|iPhone.ActiveCfg = Debug|x86
		{32265C11-F80F-48DA-95EC-3378E3563719}.Ad-Hoc|iPhoneSimulator.ActiveCfg = Debug|x86
		{32265C11-F80F-48DA-95EC-3378E3563719}.Ad-Hoc|x64.ActiveCfg = Debug|x86
		{32265C11-F80F-48DA-95EC-3378E3563719}.Ad-Hoc|x86.ActiveCfg = Debug|x86
		{32265C11-F80F-48DA-95EC-3378E3563719}.AppStore|Any CPU.ActiveCfg = Debug|x86
		{32265C11-F80F-48DA-95EC-3378E3563719}.AppStore|ARM.ActiveCfg = Debug|x86
		{32265C11-F80F-48DA-95EC-3378E3563719}.AppStore|iPhone.ActiveCfg = Debug|x86
		{32265C11-F80F-48DA-95EC-3378E3563719}.AppStore|iPhoneSimulator.ActiveCfg = Debug|x86
		{32265C11-F80F-48DA-95EC-3378E3563719}.AppStore|x64.ActiveCfg = Debug|x86
		{32265C11-F80F-48DA-95EC-3378E3563719}.AppStore|x86.ActiveCfg = Debug|x86
		{32265C11-F80F-48DA-95EC-3378E3563719}.Debug|Any CPU.ActiveCfg = Debug|Any CPU
		{32265C11-F80F-48DA-95EC-3378E3563719}.Debug|Any CPU.Build.0 = Debug|Any CPU
		{32265C11-F80F-48DA-95EC-3378E3563719}.Debug|ARM.ActiveCfg = Debug|x86
		{32265C11-F80F-48DA-95EC-3378E3563719}.Debug|iPhone.ActiveCfg = Debug|x86
		{32265C11-F80F-48DA-95EC-3378E3563719}.Debug|iPhoneSimulator.ActiveCfg = Debug|x86
		{32265C11-F80F-48DA-95EC-3378E3563719}.Debug|x64.ActiveCfg = Debug|x86
		{32265C11-F80F-48DA-95EC-3378E3563719}.Debug|x86.ActiveCfg = Debug|x86
		{32265C11-F80F-48DA-95EC-3378E3563719}.Debug|x86.Build.0 = Debug|x86
		{32265C11-F80F-48DA-95EC-3378E3563719}.Release|Any CPU.ActiveCfg = Debug|Any CPU
		{32265C11-F80F-48DA-95EC-3378E3563719}.Release|Any CPU.Build.0 = Debug|Any CPU
		{32265C11-F80F-48DA-95EC-3378E3563719}.Release|ARM.ActiveCfg = Debug|x86
		{32265C11-F80F-48DA-95EC-3378E3563719}.Release|iPhone.ActiveCfg = Debug|x86
		{32265C11-F80F-48DA-95EC-3378E3563719}.Release|iPhoneSimulator.ActiveCfg = Debug|x86
		{32265C11-F80F-48DA-95EC-3378E3563719}.Release|x64.ActiveCfg = Debug|x86
		{32265C11-F80F-48DA-95EC-3378E3563719}.Release|x86.ActiveCfg = Debug|x86
		{32265C11-F80F-48DA-95EC-3378E3563719}.Release|x86.Build.0 = Debug|x86
		{FF58836B-1848-4F63-8FFB-DF203E75D96C}.Ad-Hoc|Any CPU.ActiveCfg = Release|Any CPU
		{FF58836B-1848-4F63-8FFB-DF203E75D96C}.Ad-Hoc|Any CPU.Build.0 = Release|Any CPU
		{FF58836B-1848-4F63-8FFB-DF203E75D96C}.Ad-Hoc|ARM.ActiveCfg = Release|Any CPU
		{FF58836B-1848-4F63-8FFB-DF203E75D96C}.Ad-Hoc|ARM.Build.0 = Release|Any CPU
		{FF58836B-1848-4F63-8FFB-DF203E75D96C}.Ad-Hoc|iPhone.ActiveCfg = Release|Any CPU
		{FF58836B-1848-4F63-8FFB-DF203E75D96C}.Ad-Hoc|iPhone.Build.0 = Release|Any CPU
		{FF58836B-1848-4F63-8FFB-DF203E75D96C}.Ad-Hoc|iPhoneSimulator.ActiveCfg = Release|Any CPU
		{FF58836B-1848-4F63-8FFB-DF203E75D96C}.Ad-Hoc|iPhoneSimulator.Build.0 = Release|Any CPU
		{FF58836B-1848-4F63-8FFB-DF203E75D96C}.Ad-Hoc|x64.ActiveCfg = Release|Any CPU
		{FF58836B-1848-4F63-8FFB-DF203E75D96C}.Ad-Hoc|x64.Build.0 = Release|Any CPU
		{FF58836B-1848-4F63-8FFB-DF203E75D96C}.Ad-Hoc|x86.ActiveCfg = Release|Any CPU
		{FF58836B-1848-4F63-8FFB-DF203E75D96C}.Ad-Hoc|x86.Build.0 = Release|Any CPU
		{FF58836B-1848-4F63-8FFB-DF203E75D96C}.AppStore|Any CPU.ActiveCfg = Release|Any CPU
		{FF58836B-1848-4F63-8FFB-DF203E75D96C}.AppStore|Any CPU.Build.0 = Release|Any CPU
		{FF58836B-1848-4F63-8FFB-DF203E75D96C}.AppStore|ARM.ActiveCfg = Release|Any CPU
		{FF58836B-1848-4F63-8FFB-DF203E75D96C}.AppStore|ARM.Build.0 = Release|Any CPU
		{FF58836B-1848-4F63-8FFB-DF203E75D96C}.AppStore|iPhone.ActiveCfg = Release|Any CPU
		{FF58836B-1848-4F63-8FFB-DF203E75D96C}.AppStore|iPhone.Build.0 = Release|Any CPU
		{FF58836B-1848-4F63-8FFB-DF203E75D96C}.AppStore|iPhoneSimulator.ActiveCfg = Release|Any CPU
		{FF58836B-1848-4F63-8FFB-DF203E75D96C}.AppStore|iPhoneSimulator.Build.0 = Release|Any CPU
		{FF58836B-1848-4F63-8FFB-DF203E75D96C}.AppStore|x64.ActiveCfg = Release|Any CPU
		{FF58836B-1848-4F63-8FFB-DF203E75D96C}.AppStore|x64.Build.0 = Release|Any CPU
		{FF58836B-1848-4F63-8FFB-DF203E75D96C}.AppStore|x86.ActiveCfg = Release|Any CPU
		{FF58836B-1848-4F63-8FFB-DF203E75D96C}.AppStore|x86.Build.0 = Release|Any CPU
		{FF58836B-1848-4F63-8FFB-DF203E75D96C}.Debug|Any CPU.ActiveCfg = Debug|Any CPU
		{FF58836B-1848-4F63-8FFB-DF203E75D96C}.Debug|Any CPU.Build.0 = Debug|Any CPU
		{FF58836B-1848-4F63-8FFB-DF203E75D96C}.Debug|ARM.ActiveCfg = Debug|Any CPU
		{FF58836B-1848-4F63-8FFB-DF203E75D96C}.Debug|ARM.Build.0 = Debug|Any CPU
		{FF58836B-1848-4F63-8FFB-DF203E75D96C}.Debug|iPhone.ActiveCfg = Debug|Any CPU
		{FF58836B-1848-4F63-8FFB-DF203E75D96C}.Debug|iPhone.Build.0 = Debug|Any CPU
		{FF58836B-1848-4F63-8FFB-DF203E75D96C}.Debug|iPhoneSimulator.ActiveCfg = Debug|Any CPU
		{FF58836B-1848-4F63-8FFB-DF203E75D96C}.Debug|iPhoneSimulator.Build.0 = Debug|Any CPU
		{FF58836B-1848-4F63-8FFB-DF203E75D96C}.Debug|x64.ActiveCfg = Debug|Any CPU
		{FF58836B-1848-4F63-8FFB-DF203E75D96C}.Debug|x64.Build.0 = Debug|Any CPU
		{FF58836B-1848-4F63-8FFB-DF203E75D96C}.Debug|x86.ActiveCfg = Debug|Any CPU
		{FF58836B-1848-4F63-8FFB-DF203E75D96C}.Debug|x86.Build.0 = Debug|Any CPU
		{FF58836B-1848-4F63-8FFB-DF203E75D96C}.Release|Any CPU.ActiveCfg = Release|Any CPU
		{FF58836B-1848-4F63-8FFB-DF203E75D96C}.Release|Any CPU.Build.0 = Release|Any CPU
		{FF58836B-1848-4F63-8FFB-DF203E75D96C}.Release|ARM.ActiveCfg = Release|Any CPU
		{FF58836B-1848-4F63-8FFB-DF203E75D96C}.Release|ARM.Build.0 = Release|Any CPU
		{FF58836B-1848-4F63-8FFB-DF203E75D96C}.Release|iPhone.ActiveCfg = Release|Any CPU
		{FF58836B-1848-4F63-8FFB-DF203E75D96C}.Release|iPhone.Build.0 = Release|Any CPU
		{FF58836B-1848-4F63-8FFB-DF203E75D96C}.Release|iPhoneSimulator.ActiveCfg = Release|Any CPU
		{FF58836B-1848-4F63-8FFB-DF203E75D96C}.Release|iPhoneSimulator.Build.0 = Release|Any CPU
		{FF58836B-1848-4F63-8FFB-DF203E75D96C}.Release|x64.ActiveCfg = Release|Any CPU
		{FF58836B-1848-4F63-8FFB-DF203E75D96C}.Release|x64.Build.0 = Release|Any CPU
		{FF58836B-1848-4F63-8FFB-DF203E75D96C}.Release|x86.ActiveCfg = Release|Any CPU
		{FF58836B-1848-4F63-8FFB-DF203E75D96C}.Release|x86.Build.0 = Release|Any CPU
		{FCD4FDBD-60CA-4441-A286-3679968E6B0D}.Ad-Hoc|Any CPU.ActiveCfg = Release|Any CPU
		{FCD4FDBD-60CA-4441-A286-3679968E6B0D}.Ad-Hoc|Any CPU.Build.0 = Release|Any CPU
		{FCD4FDBD-60CA-4441-A286-3679968E6B0D}.Ad-Hoc|ARM.ActiveCfg = Release|ARM
		{FCD4FDBD-60CA-4441-A286-3679968E6B0D}.Ad-Hoc|ARM.Build.0 = Release|ARM
		{FCD4FDBD-60CA-4441-A286-3679968E6B0D}.Ad-Hoc|iPhone.ActiveCfg = Release|Any CPU
		{FCD4FDBD-60CA-4441-A286-3679968E6B0D}.Ad-Hoc|iPhone.Build.0 = Release|Any CPU
		{FCD4FDBD-60CA-4441-A286-3679968E6B0D}.Ad-Hoc|iPhoneSimulator.ActiveCfg = Release|Any CPU
		{FCD4FDBD-60CA-4441-A286-3679968E6B0D}.Ad-Hoc|iPhoneSimulator.Build.0 = Release|Any CPU
		{FCD4FDBD-60CA-4441-A286-3679968E6B0D}.Ad-Hoc|x64.ActiveCfg = Release|Any CPU
		{FCD4FDBD-60CA-4441-A286-3679968E6B0D}.Ad-Hoc|x64.Build.0 = Release|Any CPU
		{FCD4FDBD-60CA-4441-A286-3679968E6B0D}.Ad-Hoc|x86.ActiveCfg = Release|x86
		{FCD4FDBD-60CA-4441-A286-3679968E6B0D}.Ad-Hoc|x86.Build.0 = Release|x86
		{FCD4FDBD-60CA-4441-A286-3679968E6B0D}.AppStore|Any CPU.ActiveCfg = Release|Any CPU
		{FCD4FDBD-60CA-4441-A286-3679968E6B0D}.AppStore|Any CPU.Build.0 = Release|Any CPU
		{FCD4FDBD-60CA-4441-A286-3679968E6B0D}.AppStore|ARM.ActiveCfg = Release|ARM
		{FCD4FDBD-60CA-4441-A286-3679968E6B0D}.AppStore|ARM.Build.0 = Release|ARM
		{FCD4FDBD-60CA-4441-A286-3679968E6B0D}.AppStore|iPhone.ActiveCfg = Release|Any CPU
		{FCD4FDBD-60CA-4441-A286-3679968E6B0D}.AppStore|iPhone.Build.0 = Release|Any CPU
		{FCD4FDBD-60CA-4441-A286-3679968E6B0D}.AppStore|iPhoneSimulator.ActiveCfg = Release|Any CPU
		{FCD4FDBD-60CA-4441-A286-3679968E6B0D}.AppStore|iPhoneSimulator.Build.0 = Release|Any CPU
		{FCD4FDBD-60CA-4441-A286-3679968E6B0D}.AppStore|x64.ActiveCfg = Release|Any CPU
		{FCD4FDBD-60CA-4441-A286-3679968E6B0D}.AppStore|x64.Build.0 = Release|Any CPU
		{FCD4FDBD-60CA-4441-A286-3679968E6B0D}.AppStore|x86.ActiveCfg = Release|x86
		{FCD4FDBD-60CA-4441-A286-3679968E6B0D}.AppStore|x86.Build.0 = Release|x86
		{FCD4FDBD-60CA-4441-A286-3679968E6B0D}.Debug|Any CPU.ActiveCfg = Debug|Any CPU
		{FCD4FDBD-60CA-4441-A286-3679968E6B0D}.Debug|Any CPU.Build.0 = Debug|Any CPU
		{FCD4FDBD-60CA-4441-A286-3679968E6B0D}.Debug|ARM.ActiveCfg = Debug|ARM
		{FCD4FDBD-60CA-4441-A286-3679968E6B0D}.Debug|ARM.Build.0 = Debug|ARM
		{FCD4FDBD-60CA-4441-A286-3679968E6B0D}.Debug|iPhone.ActiveCfg = Debug|Any CPU
		{FCD4FDBD-60CA-4441-A286-3679968E6B0D}.Debug|iPhone.Build.0 = Debug|Any CPU
		{FCD4FDBD-60CA-4441-A286-3679968E6B0D}.Debug|iPhoneSimulator.ActiveCfg = Debug|Any CPU
		{FCD4FDBD-60CA-4441-A286-3679968E6B0D}.Debug|iPhoneSimulator.Build.0 = Debug|Any CPU
		{FCD4FDBD-60CA-4441-A286-3679968E6B0D}.Debug|x64.ActiveCfg = Debug|Any CPU
		{FCD4FDBD-60CA-4441-A286-3679968E6B0D}.Debug|x64.Build.0 = Debug|Any CPU
		{FCD4FDBD-60CA-4441-A286-3679968E6B0D}.Debug|x86.ActiveCfg = Debug|x86
		{FCD4FDBD-60CA-4441-A286-3679968E6B0D}.Debug|x86.Build.0 = Debug|x86
		{FCD4FDBD-60CA-4441-A286-3679968E6B0D}.Release|Any CPU.ActiveCfg = Release|Any CPU
		{FCD4FDBD-60CA-4441-A286-3679968E6B0D}.Release|Any CPU.Build.0 = Release|Any CPU
		{FCD4FDBD-60CA-4441-A286-3679968E6B0D}.Release|ARM.ActiveCfg = Release|ARM
		{FCD4FDBD-60CA-4441-A286-3679968E6B0D}.Release|ARM.Build.0 = Release|ARM
		{FCD4FDBD-60CA-4441-A286-3679968E6B0D}.Release|iPhone.ActiveCfg = Release|Any CPU
		{FCD4FDBD-60CA-4441-A286-3679968E6B0D}.Release|iPhone.Build.0 = Release|Any CPU
		{FCD4FDBD-60CA-4441-A286-3679968E6B0D}.Release|iPhoneSimulator.ActiveCfg = Release|Any CPU
		{FCD4FDBD-60CA-4441-A286-3679968E6B0D}.Release|iPhoneSimulator.Build.0 = Release|Any CPU
		{FCD4FDBD-60CA-4441-A286-3679968E6B0D}.Release|x64.ActiveCfg = Release|Any CPU
		{FCD4FDBD-60CA-4441-A286-3679968E6B0D}.Release|x64.Build.0 = Release|Any CPU
		{FCD4FDBD-60CA-4441-A286-3679968E6B0D}.Release|x86.ActiveCfg = Release|x86
		{FCD4FDBD-60CA-4441-A286-3679968E6B0D}.Release|x86.Build.0 = Release|x86
		{76DFA537-B10C-4958-86C7-A82566FA2284}.Ad-Hoc|Any CPU.ActiveCfg = Release|Any CPU
		{76DFA537-B10C-4958-86C7-A82566FA2284}.Ad-Hoc|Any CPU.Build.0 = Release|Any CPU
		{76DFA537-B10C-4958-86C7-A82566FA2284}.Ad-Hoc|ARM.ActiveCfg = Release|Any CPU
		{76DFA537-B10C-4958-86C7-A82566FA2284}.Ad-Hoc|ARM.Build.0 = Release|Any CPU
		{76DFA537-B10C-4958-86C7-A82566FA2284}.Ad-Hoc|iPhone.ActiveCfg = Release|Any CPU
		{76DFA537-B10C-4958-86C7-A82566FA2284}.Ad-Hoc|iPhone.Build.0 = Release|Any CPU
		{76DFA537-B10C-4958-86C7-A82566FA2284}.Ad-Hoc|iPhoneSimulator.ActiveCfg = Release|Any CPU
		{76DFA537-B10C-4958-86C7-A82566FA2284}.Ad-Hoc|iPhoneSimulator.Build.0 = Release|Any CPU
		{76DFA537-B10C-4958-86C7-A82566FA2284}.Ad-Hoc|x64.ActiveCfg = Release|Any CPU
		{76DFA537-B10C-4958-86C7-A82566FA2284}.Ad-Hoc|x64.Build.0 = Release|Any CPU
		{76DFA537-B10C-4958-86C7-A82566FA2284}.Ad-Hoc|x86.ActiveCfg = Release|Any CPU
		{76DFA537-B10C-4958-86C7-A82566FA2284}.Ad-Hoc|x86.Build.0 = Release|Any CPU
		{76DFA537-B10C-4958-86C7-A82566FA2284}.AppStore|Any CPU.ActiveCfg = Release|Any CPU
		{76DFA537-B10C-4958-86C7-A82566FA2284}.AppStore|Any CPU.Build.0 = Release|Any CPU
		{76DFA537-B10C-4958-86C7-A82566FA2284}.AppStore|ARM.ActiveCfg = Release|Any CPU
		{76DFA537-B10C-4958-86C7-A82566FA2284}.AppStore|ARM.Build.0 = Release|Any CPU
		{76DFA537-B10C-4958-86C7-A82566FA2284}.AppStore|iPhone.ActiveCfg = Release|Any CPU
		{76DFA537-B10C-4958-86C7-A82566FA2284}.AppStore|iPhone.Build.0 = Release|Any CPU
		{76DFA537-B10C-4958-86C7-A82566FA2284}.AppStore|iPhoneSimulator.ActiveCfg = Release|Any CPU
		{76DFA537-B10C-4958-86C7-A82566FA2284}.AppStore|iPhoneSimulator.Build.0 = Release|Any CPU
		{76DFA537-B10C-4958-86C7-A82566FA2284}.AppStore|x64.ActiveCfg = Release|Any CPU
		{76DFA537-B10C-4958-86C7-A82566FA2284}.AppStore|x64.Build.0 = Release|Any CPU
		{76DFA537-B10C-4958-86C7-A82566FA2284}.AppStore|x86.ActiveCfg = Release|Any CPU
		{76DFA537-B10C-4958-86C7-A82566FA2284}.AppStore|x86.Build.0 = Release|Any CPU
		{76DFA537-B10C-4958-86C7-A82566FA2284}.Debug|Any CPU.ActiveCfg = Debug|Any CPU
		{76DFA537-B10C-4958-86C7-A82566FA2284}.Debug|Any CPU.Build.0 = Debug|Any CPU
		{76DFA537-B10C-4958-86C7-A82566FA2284}.Debug|ARM.ActiveCfg = Debug|Any CPU
		{76DFA537-B10C-4958-86C7-A82566FA2284}.Debug|ARM.Build.0 = Debug|Any CPU
		{76DFA537-B10C-4958-86C7-A82566FA2284}.Debug|iPhone.ActiveCfg = Debug|Any CPU
		{76DFA537-B10C-4958-86C7-A82566FA2284}.Debug|iPhone.Build.0 = Debug|Any CPU
		{76DFA537-B10C-4958-86C7-A82566FA2284}.Debug|iPhoneSimulator.ActiveCfg = Debug|Any CPU
		{76DFA537-B10C-4958-86C7-A82566FA2284}.Debug|iPhoneSimulator.Build.0 = Debug|Any CPU
		{76DFA537-B10C-4958-86C7-A82566FA2284}.Debug|x64.ActiveCfg = Debug|Any CPU
		{76DFA537-B10C-4958-86C7-A82566FA2284}.Debug|x64.Build.0 = Debug|Any CPU
		{76DFA537-B10C-4958-86C7-A82566FA2284}.Debug|x86.ActiveCfg = Debug|Any CPU
		{76DFA537-B10C-4958-86C7-A82566FA2284}.Debug|x86.Build.0 = Debug|Any CPU
		{76DFA537-B10C-4958-86C7-A82566FA2284}.Release|Any CPU.ActiveCfg = Release|Any CPU
		{76DFA537-B10C-4958-86C7-A82566FA2284}.Release|Any CPU.Build.0 = Release|Any CPU
		{76DFA537-B10C-4958-86C7-A82566FA2284}.Release|ARM.ActiveCfg = Release|Any CPU
		{76DFA537-B10C-4958-86C7-A82566FA2284}.Release|ARM.Build.0 = Release|Any CPU
		{76DFA537-B10C-4958-86C7-A82566FA2284}.Release|iPhone.ActiveCfg = Release|Any CPU
		{76DFA537-B10C-4958-86C7-A82566FA2284}.Release|iPhone.Build.0 = Release|Any CPU
		{76DFA537-B10C-4958-86C7-A82566FA2284}.Release|iPhoneSimulator.ActiveCfg = Release|Any CPU
		{76DFA537-B10C-4958-86C7-A82566FA2284}.Release|iPhoneSimulator.Build.0 = Release|Any CPU
		{76DFA537-B10C-4958-86C7-A82566FA2284}.Release|x64.ActiveCfg = Release|Any CPU
		{76DFA537-B10C-4958-86C7-A82566FA2284}.Release|x64.Build.0 = Release|Any CPU
		{76DFA537-B10C-4958-86C7-A82566FA2284}.Release|x86.ActiveCfg = Release|Any CPU
		{76DFA537-B10C-4958-86C7-A82566FA2284}.Release|x86.Build.0 = Release|Any CPU
		{9701D797-2B78-4ECB-AA46-994BFD9A44B9}.Ad-Hoc|Any CPU.ActiveCfg = Release|Any CPU
		{9701D797-2B78-4ECB-AA46-994BFD9A44B9}.Ad-Hoc|Any CPU.Build.0 = Release|Any CPU
		{9701D797-2B78-4ECB-AA46-994BFD9A44B9}.Ad-Hoc|Any CPU.Deploy.0 = Release|Any CPU
		{9701D797-2B78-4ECB-AA46-994BFD9A44B9}.Ad-Hoc|ARM.ActiveCfg = Release|ARM
		{9701D797-2B78-4ECB-AA46-994BFD9A44B9}.Ad-Hoc|ARM.Build.0 = Release|ARM
		{9701D797-2B78-4ECB-AA46-994BFD9A44B9}.Ad-Hoc|ARM.Deploy.0 = Release|ARM
		{9701D797-2B78-4ECB-AA46-994BFD9A44B9}.Ad-Hoc|iPhone.ActiveCfg = Release|Any CPU
		{9701D797-2B78-4ECB-AA46-994BFD9A44B9}.Ad-Hoc|iPhone.Build.0 = Release|Any CPU
		{9701D797-2B78-4ECB-AA46-994BFD9A44B9}.Ad-Hoc|iPhone.Deploy.0 = Release|Any CPU
		{9701D797-2B78-4ECB-AA46-994BFD9A44B9}.Ad-Hoc|iPhoneSimulator.ActiveCfg = Release|Any CPU
		{9701D797-2B78-4ECB-AA46-994BFD9A44B9}.Ad-Hoc|iPhoneSimulator.Build.0 = Release|Any CPU
		{9701D797-2B78-4ECB-AA46-994BFD9A44B9}.Ad-Hoc|iPhoneSimulator.Deploy.0 = Release|Any CPU
		{9701D797-2B78-4ECB-AA46-994BFD9A44B9}.Ad-Hoc|x64.ActiveCfg = Release|Any CPU
		{9701D797-2B78-4ECB-AA46-994BFD9A44B9}.Ad-Hoc|x64.Build.0 = Release|Any CPU
		{9701D797-2B78-4ECB-AA46-994BFD9A44B9}.Ad-Hoc|x64.Deploy.0 = Release|Any CPU
		{9701D797-2B78-4ECB-AA46-994BFD9A44B9}.Ad-Hoc|x86.ActiveCfg = Release|x86
		{9701D797-2B78-4ECB-AA46-994BFD9A44B9}.Ad-Hoc|x86.Build.0 = Release|x86
		{9701D797-2B78-4ECB-AA46-994BFD9A44B9}.Ad-Hoc|x86.Deploy.0 = Release|x86
		{9701D797-2B78-4ECB-AA46-994BFD9A44B9}.AppStore|Any CPU.ActiveCfg = Release|Any CPU
		{9701D797-2B78-4ECB-AA46-994BFD9A44B9}.AppStore|Any CPU.Build.0 = Release|Any CPU
		{9701D797-2B78-4ECB-AA46-994BFD9A44B9}.AppStore|Any CPU.Deploy.0 = Release|Any CPU
		{9701D797-2B78-4ECB-AA46-994BFD9A44B9}.AppStore|ARM.ActiveCfg = Release|ARM
		{9701D797-2B78-4ECB-AA46-994BFD9A44B9}.AppStore|ARM.Build.0 = Release|ARM
		{9701D797-2B78-4ECB-AA46-994BFD9A44B9}.AppStore|ARM.Deploy.0 = Release|ARM
		{9701D797-2B78-4ECB-AA46-994BFD9A44B9}.AppStore|iPhone.ActiveCfg = Release|Any CPU
		{9701D797-2B78-4ECB-AA46-994BFD9A44B9}.AppStore|iPhone.Build.0 = Release|Any CPU
		{9701D797-2B78-4ECB-AA46-994BFD9A44B9}.AppStore|iPhone.Deploy.0 = Release|Any CPU
		{9701D797-2B78-4ECB-AA46-994BFD9A44B9}.AppStore|iPhoneSimulator.ActiveCfg = Release|Any CPU
		{9701D797-2B78-4ECB-AA46-994BFD9A44B9}.AppStore|iPhoneSimulator.Build.0 = Release|Any CPU
		{9701D797-2B78-4ECB-AA46-994BFD9A44B9}.AppStore|iPhoneSimulator.Deploy.0 = Release|Any CPU
		{9701D797-2B78-4ECB-AA46-994BFD9A44B9}.AppStore|x64.ActiveCfg = Release|Any CPU
		{9701D797-2B78-4ECB-AA46-994BFD9A44B9}.AppStore|x64.Build.0 = Release|Any CPU
		{9701D797-2B78-4ECB-AA46-994BFD9A44B9}.AppStore|x64.Deploy.0 = Release|Any CPU
		{9701D797-2B78-4ECB-AA46-994BFD9A44B9}.AppStore|x86.ActiveCfg = Release|x86
		{9701D797-2B78-4ECB-AA46-994BFD9A44B9}.AppStore|x86.Build.0 = Release|x86
		{9701D797-2B78-4ECB-AA46-994BFD9A44B9}.AppStore|x86.Deploy.0 = Release|x86
		{9701D797-2B78-4ECB-AA46-994BFD9A44B9}.Debug|Any CPU.ActiveCfg = Debug|Any CPU
		{9701D797-2B78-4ECB-AA46-994BFD9A44B9}.Debug|Any CPU.Build.0 = Debug|Any CPU
		{9701D797-2B78-4ECB-AA46-994BFD9A44B9}.Debug|Any CPU.Deploy.0 = Debug|Any CPU
		{9701D797-2B78-4ECB-AA46-994BFD9A44B9}.Debug|ARM.ActiveCfg = Debug|ARM
		{9701D797-2B78-4ECB-AA46-994BFD9A44B9}.Debug|ARM.Build.0 = Debug|ARM
		{9701D797-2B78-4ECB-AA46-994BFD9A44B9}.Debug|ARM.Deploy.0 = Debug|ARM
		{9701D797-2B78-4ECB-AA46-994BFD9A44B9}.Debug|iPhone.ActiveCfg = Debug|Any CPU
		{9701D797-2B78-4ECB-AA46-994BFD9A44B9}.Debug|iPhone.Build.0 = Debug|Any CPU
		{9701D797-2B78-4ECB-AA46-994BFD9A44B9}.Debug|iPhone.Deploy.0 = Debug|Any CPU
		{9701D797-2B78-4ECB-AA46-994BFD9A44B9}.Debug|iPhoneSimulator.ActiveCfg = Debug|Any CPU
		{9701D797-2B78-4ECB-AA46-994BFD9A44B9}.Debug|iPhoneSimulator.Build.0 = Debug|Any CPU
		{9701D797-2B78-4ECB-AA46-994BFD9A44B9}.Debug|iPhoneSimulator.Deploy.0 = Debug|Any CPU
		{9701D797-2B78-4ECB-AA46-994BFD9A44B9}.Debug|x64.ActiveCfg = Debug|Any CPU
		{9701D797-2B78-4ECB-AA46-994BFD9A44B9}.Debug|x64.Build.0 = Debug|Any CPU
		{9701D797-2B78-4ECB-AA46-994BFD9A44B9}.Debug|x64.Deploy.0 = Debug|Any CPU
		{9701D797-2B78-4ECB-AA46-994BFD9A44B9}.Debug|x86.ActiveCfg = Debug|x86
		{9701D797-2B78-4ECB-AA46-994BFD9A44B9}.Debug|x86.Build.0 = Debug|x86
		{9701D797-2B78-4ECB-AA46-994BFD9A44B9}.Debug|x86.Deploy.0 = Debug|x86
		{9701D797-2B78-4ECB-AA46-994BFD9A44B9}.Release|Any CPU.ActiveCfg = Release|Any CPU
		{9701D797-2B78-4ECB-AA46-994BFD9A44B9}.Release|Any CPU.Build.0 = Release|Any CPU
		{9701D797-2B78-4ECB-AA46-994BFD9A44B9}.Release|Any CPU.Deploy.0 = Release|Any CPU
		{9701D797-2B78-4ECB-AA46-994BFD9A44B9}.Release|ARM.ActiveCfg = Release|ARM
		{9701D797-2B78-4ECB-AA46-994BFD9A44B9}.Release|ARM.Build.0 = Release|ARM
		{9701D797-2B78-4ECB-AA46-994BFD9A44B9}.Release|ARM.Deploy.0 = Release|ARM
		{9701D797-2B78-4ECB-AA46-994BFD9A44B9}.Release|iPhone.ActiveCfg = Release|Any CPU
		{9701D797-2B78-4ECB-AA46-994BFD9A44B9}.Release|iPhone.Build.0 = Release|Any CPU
		{9701D797-2B78-4ECB-AA46-994BFD9A44B9}.Release|iPhone.Deploy.0 = Release|Any CPU
		{9701D797-2B78-4ECB-AA46-994BFD9A44B9}.Release|iPhoneSimulator.ActiveCfg = Release|Any CPU
		{9701D797-2B78-4ECB-AA46-994BFD9A44B9}.Release|iPhoneSimulator.Build.0 = Release|Any CPU
		{9701D797-2B78-4ECB-AA46-994BFD9A44B9}.Release|iPhoneSimulator.Deploy.0 = Release|Any CPU
		{9701D797-2B78-4ECB-AA46-994BFD9A44B9}.Release|x64.ActiveCfg = Release|Any CPU
		{9701D797-2B78-4ECB-AA46-994BFD9A44B9}.Release|x64.Build.0 = Release|Any CPU
		{9701D797-2B78-4ECB-AA46-994BFD9A44B9}.Release|x64.Deploy.0 = Release|Any CPU
		{9701D797-2B78-4ECB-AA46-994BFD9A44B9}.Release|x86.ActiveCfg = Release|x86
		{9701D797-2B78-4ECB-AA46-994BFD9A44B9}.Release|x86.Build.0 = Release|x86
		{9701D797-2B78-4ECB-AA46-994BFD9A44B9}.Release|x86.Deploy.0 = Release|x86
		{5DFD550D-772E-4135-8A2E-AF737EBFF36C}.Ad-Hoc|Any CPU.ActiveCfg = Release|Any CPU
		{5DFD550D-772E-4135-8A2E-AF737EBFF36C}.Ad-Hoc|Any CPU.Build.0 = Release|Any CPU
		{5DFD550D-772E-4135-8A2E-AF737EBFF36C}.Ad-Hoc|Any CPU.Deploy.0 = Release|Any CPU
		{5DFD550D-772E-4135-8A2E-AF737EBFF36C}.Ad-Hoc|ARM.ActiveCfg = Release|Any CPU
		{5DFD550D-772E-4135-8A2E-AF737EBFF36C}.Ad-Hoc|ARM.Build.0 = Release|Any CPU
		{5DFD550D-772E-4135-8A2E-AF737EBFF36C}.Ad-Hoc|ARM.Deploy.0 = Release|Any CPU
		{5DFD550D-772E-4135-8A2E-AF737EBFF36C}.Ad-Hoc|iPhone.ActiveCfg = Release|Any CPU
		{5DFD550D-772E-4135-8A2E-AF737EBFF36C}.Ad-Hoc|iPhone.Build.0 = Release|Any CPU
		{5DFD550D-772E-4135-8A2E-AF737EBFF36C}.Ad-Hoc|iPhone.Deploy.0 = Release|Any CPU
		{5DFD550D-772E-4135-8A2E-AF737EBFF36C}.Ad-Hoc|iPhoneSimulator.ActiveCfg = Release|Any CPU
		{5DFD550D-772E-4135-8A2E-AF737EBFF36C}.Ad-Hoc|iPhoneSimulator.Build.0 = Release|Any CPU
		{5DFD550D-772E-4135-8A2E-AF737EBFF36C}.Ad-Hoc|iPhoneSimulator.Deploy.0 = Release|Any CPU
		{5DFD550D-772E-4135-8A2E-AF737EBFF36C}.Ad-Hoc|x64.ActiveCfg = Release|Any CPU
		{5DFD550D-772E-4135-8A2E-AF737EBFF36C}.Ad-Hoc|x64.Build.0 = Release|Any CPU
		{5DFD550D-772E-4135-8A2E-AF737EBFF36C}.Ad-Hoc|x64.Deploy.0 = Release|Any CPU
		{5DFD550D-772E-4135-8A2E-AF737EBFF36C}.Ad-Hoc|x86.ActiveCfg = Release|Any CPU
		{5DFD550D-772E-4135-8A2E-AF737EBFF36C}.Ad-Hoc|x86.Build.0 = Release|Any CPU
		{5DFD550D-772E-4135-8A2E-AF737EBFF36C}.Ad-Hoc|x86.Deploy.0 = Release|Any CPU
		{5DFD550D-772E-4135-8A2E-AF737EBFF36C}.AppStore|Any CPU.ActiveCfg = Release|Any CPU
		{5DFD550D-772E-4135-8A2E-AF737EBFF36C}.AppStore|Any CPU.Build.0 = Release|Any CPU
		{5DFD550D-772E-4135-8A2E-AF737EBFF36C}.AppStore|Any CPU.Deploy.0 = Release|Any CPU
		{5DFD550D-772E-4135-8A2E-AF737EBFF36C}.AppStore|ARM.ActiveCfg = Release|Any CPU
		{5DFD550D-772E-4135-8A2E-AF737EBFF36C}.AppStore|ARM.Build.0 = Release|Any CPU
		{5DFD550D-772E-4135-8A2E-AF737EBFF36C}.AppStore|ARM.Deploy.0 = Release|Any CPU
		{5DFD550D-772E-4135-8A2E-AF737EBFF36C}.AppStore|iPhone.ActiveCfg = Release|Any CPU
		{5DFD550D-772E-4135-8A2E-AF737EBFF36C}.AppStore|iPhone.Build.0 = Release|Any CPU
		{5DFD550D-772E-4135-8A2E-AF737EBFF36C}.AppStore|iPhone.Deploy.0 = Release|Any CPU
		{5DFD550D-772E-4135-8A2E-AF737EBFF36C}.AppStore|iPhoneSimulator.ActiveCfg = Release|Any CPU
		{5DFD550D-772E-4135-8A2E-AF737EBFF36C}.AppStore|iPhoneSimulator.Build.0 = Release|Any CPU
		{5DFD550D-772E-4135-8A2E-AF737EBFF36C}.AppStore|iPhoneSimulator.Deploy.0 = Release|Any CPU
		{5DFD550D-772E-4135-8A2E-AF737EBFF36C}.AppStore|x64.ActiveCfg = Release|Any CPU
		{5DFD550D-772E-4135-8A2E-AF737EBFF36C}.AppStore|x64.Build.0 = Release|Any CPU
		{5DFD550D-772E-4135-8A2E-AF737EBFF36C}.AppStore|x64.Deploy.0 = Release|Any CPU
		{5DFD550D-772E-4135-8A2E-AF737EBFF36C}.AppStore|x86.ActiveCfg = Release|Any CPU
		{5DFD550D-772E-4135-8A2E-AF737EBFF36C}.AppStore|x86.Build.0 = Release|Any CPU
		{5DFD550D-772E-4135-8A2E-AF737EBFF36C}.AppStore|x86.Deploy.0 = Release|Any CPU
		{5DFD550D-772E-4135-8A2E-AF737EBFF36C}.Debug|Any CPU.ActiveCfg = Debug|Any CPU
		{5DFD550D-772E-4135-8A2E-AF737EBFF36C}.Debug|Any CPU.Build.0 = Debug|Any CPU
		{5DFD550D-772E-4135-8A2E-AF737EBFF36C}.Debug|Any CPU.Deploy.0 = Debug|Any CPU
		{5DFD550D-772E-4135-8A2E-AF737EBFF36C}.Debug|ARM.ActiveCfg = Debug|Any CPU
		{5DFD550D-772E-4135-8A2E-AF737EBFF36C}.Debug|ARM.Build.0 = Debug|Any CPU
		{5DFD550D-772E-4135-8A2E-AF737EBFF36C}.Debug|ARM.Deploy.0 = Debug|Any CPU
		{5DFD550D-772E-4135-8A2E-AF737EBFF36C}.Debug|iPhone.ActiveCfg = Debug|Any CPU
		{5DFD550D-772E-4135-8A2E-AF737EBFF36C}.Debug|iPhone.Build.0 = Debug|Any CPU
		{5DFD550D-772E-4135-8A2E-AF737EBFF36C}.Debug|iPhone.Deploy.0 = Debug|Any CPU
		{5DFD550D-772E-4135-8A2E-AF737EBFF36C}.Debug|iPhoneSimulator.ActiveCfg = Debug|Any CPU
		{5DFD550D-772E-4135-8A2E-AF737EBFF36C}.Debug|iPhoneSimulator.Build.0 = Debug|Any CPU
		{5DFD550D-772E-4135-8A2E-AF737EBFF36C}.Debug|iPhoneSimulator.Deploy.0 = Debug|Any CPU
		{5DFD550D-772E-4135-8A2E-AF737EBFF36C}.Debug|x64.ActiveCfg = Debug|Any CPU
		{5DFD550D-772E-4135-8A2E-AF737EBFF36C}.Debug|x64.Build.0 = Debug|Any CPU
		{5DFD550D-772E-4135-8A2E-AF737EBFF36C}.Debug|x64.Deploy.0 = Debug|Any CPU
		{5DFD550D-772E-4135-8A2E-AF737EBFF36C}.Debug|x86.ActiveCfg = Debug|Any CPU
		{5DFD550D-772E-4135-8A2E-AF737EBFF36C}.Debug|x86.Build.0 = Debug|Any CPU
		{5DFD550D-772E-4135-8A2E-AF737EBFF36C}.Debug|x86.Deploy.0 = Debug|Any CPU
		{5DFD550D-772E-4135-8A2E-AF737EBFF36C}.Release|Any CPU.ActiveCfg = Release|Any CPU
		{5DFD550D-772E-4135-8A2E-AF737EBFF36C}.Release|Any CPU.Build.0 = Release|Any CPU
		{5DFD550D-772E-4135-8A2E-AF737EBFF36C}.Release|Any CPU.Deploy.0 = Release|Any CPU
		{5DFD550D-772E-4135-8A2E-AF737EBFF36C}.Release|ARM.ActiveCfg = Release|Any CPU
		{5DFD550D-772E-4135-8A2E-AF737EBFF36C}.Release|ARM.Build.0 = Release|Any CPU
		{5DFD550D-772E-4135-8A2E-AF737EBFF36C}.Release|ARM.Deploy.0 = Release|Any CPU
		{5DFD550D-772E-4135-8A2E-AF737EBFF36C}.Release|iPhone.ActiveCfg = Release|Any CPU
		{5DFD550D-772E-4135-8A2E-AF737EBFF36C}.Release|iPhone.Build.0 = Release|Any CPU
		{5DFD550D-772E-4135-8A2E-AF737EBFF36C}.Release|iPhone.Deploy.0 = Release|Any CPU
		{5DFD550D-772E-4135-8A2E-AF737EBFF36C}.Release|iPhoneSimulator.ActiveCfg = Release|Any CPU
		{5DFD550D-772E-4135-8A2E-AF737EBFF36C}.Release|iPhoneSimulator.Build.0 = Release|Any CPU
		{5DFD550D-772E-4135-8A2E-AF737EBFF36C}.Release|iPhoneSimulator.Deploy.0 = Release|Any CPU
		{5DFD550D-772E-4135-8A2E-AF737EBFF36C}.Release|x64.ActiveCfg = Release|Any CPU
		{5DFD550D-772E-4135-8A2E-AF737EBFF36C}.Release|x64.Build.0 = Release|Any CPU
		{5DFD550D-772E-4135-8A2E-AF737EBFF36C}.Release|x64.Deploy.0 = Release|Any CPU
		{5DFD550D-772E-4135-8A2E-AF737EBFF36C}.Release|x86.ActiveCfg = Release|Any CPU
		{5DFD550D-772E-4135-8A2E-AF737EBFF36C}.Release|x86.Build.0 = Release|Any CPU
		{5DFD550D-772E-4135-8A2E-AF737EBFF36C}.Release|x86.Deploy.0 = Release|Any CPU
		{75536697-5C71-4EE1-B78E-BCA0F0337478}.Ad-Hoc|Any CPU.ActiveCfg = Ad-Hoc|iPhone
		{75536697-5C71-4EE1-B78E-BCA0F0337478}.Ad-Hoc|ARM.ActiveCfg = Ad-Hoc|iPhone
		{75536697-5C71-4EE1-B78E-BCA0F0337478}.Ad-Hoc|iPhone.ActiveCfg = Ad-Hoc|iPhone
		{75536697-5C71-4EE1-B78E-BCA0F0337478}.Ad-Hoc|iPhone.Build.0 = Ad-Hoc|iPhone
		{75536697-5C71-4EE1-B78E-BCA0F0337478}.Ad-Hoc|iPhoneSimulator.ActiveCfg = Ad-Hoc|iPhoneSimulator
		{75536697-5C71-4EE1-B78E-BCA0F0337478}.Ad-Hoc|iPhoneSimulator.Build.0 = Ad-Hoc|iPhoneSimulator
		{75536697-5C71-4EE1-B78E-BCA0F0337478}.Ad-Hoc|x64.ActiveCfg = Ad-Hoc|iPhone
		{75536697-5C71-4EE1-B78E-BCA0F0337478}.Ad-Hoc|x86.ActiveCfg = Ad-Hoc|iPhone
		{75536697-5C71-4EE1-B78E-BCA0F0337478}.AppStore|Any CPU.ActiveCfg = AppStore|iPhone
		{75536697-5C71-4EE1-B78E-BCA0F0337478}.AppStore|ARM.ActiveCfg = AppStore|iPhone
		{75536697-5C71-4EE1-B78E-BCA0F0337478}.AppStore|iPhone.ActiveCfg = AppStore|iPhone
		{75536697-5C71-4EE1-B78E-BCA0F0337478}.AppStore|iPhone.Build.0 = AppStore|iPhone
		{75536697-5C71-4EE1-B78E-BCA0F0337478}.AppStore|iPhoneSimulator.ActiveCfg = AppStore|iPhoneSimulator
		{75536697-5C71-4EE1-B78E-BCA0F0337478}.AppStore|iPhoneSimulator.Build.0 = AppStore|iPhoneSimulator
		{75536697-5C71-4EE1-B78E-BCA0F0337478}.AppStore|x64.ActiveCfg = AppStore|iPhone
		{75536697-5C71-4EE1-B78E-BCA0F0337478}.AppStore|x86.ActiveCfg = AppStore|iPhone
		{75536697-5C71-4EE1-B78E-BCA0F0337478}.Debug|Any CPU.ActiveCfg = Debug|iPhone
		{75536697-5C71-4EE1-B78E-BCA0F0337478}.Debug|ARM.ActiveCfg = Debug|iPhone
		{75536697-5C71-4EE1-B78E-BCA0F0337478}.Debug|iPhone.ActiveCfg = Debug|iPhone
		{75536697-5C71-4EE1-B78E-BCA0F0337478}.Debug|iPhone.Build.0 = Debug|iPhone
		{75536697-5C71-4EE1-B78E-BCA0F0337478}.Debug|iPhoneSimulator.ActiveCfg = Debug|iPhoneSimulator
		{75536697-5C71-4EE1-B78E-BCA0F0337478}.Debug|iPhoneSimulator.Build.0 = Debug|iPhoneSimulator
		{75536697-5C71-4EE1-B78E-BCA0F0337478}.Debug|x64.ActiveCfg = Debug|iPhone
		{75536697-5C71-4EE1-B78E-BCA0F0337478}.Debug|x86.ActiveCfg = Debug|iPhone
		{75536697-5C71-4EE1-B78E-BCA0F0337478}.Release|Any CPU.ActiveCfg = Release|iPhone
		{75536697-5C71-4EE1-B78E-BCA0F0337478}.Release|ARM.ActiveCfg = Release|iPhone
		{75536697-5C71-4EE1-B78E-BCA0F0337478}.Release|iPhone.ActiveCfg = Release|iPhone
		{75536697-5C71-4EE1-B78E-BCA0F0337478}.Release|iPhone.Build.0 = Release|iPhone
		{75536697-5C71-4EE1-B78E-BCA0F0337478}.Release|iPhoneSimulator.ActiveCfg = Release|iPhoneSimulator
		{75536697-5C71-4EE1-B78E-BCA0F0337478}.Release|iPhoneSimulator.Build.0 = Release|iPhoneSimulator
		{75536697-5C71-4EE1-B78E-BCA0F0337478}.Release|x64.ActiveCfg = Release|iPhone
		{75536697-5C71-4EE1-B78E-BCA0F0337478}.Release|x86.ActiveCfg = Release|iPhone
		{8A55E99A-0763-44A4-BFF4-38B0F726491C}.Ad-Hoc|Any CPU.ActiveCfg = Release|Any CPU
		{8A55E99A-0763-44A4-BFF4-38B0F726491C}.Ad-Hoc|Any CPU.Build.0 = Release|Any CPU
		{8A55E99A-0763-44A4-BFF4-38B0F726491C}.Ad-Hoc|Any CPU.Deploy.0 = Release|Any CPU
		{8A55E99A-0763-44A4-BFF4-38B0F726491C}.Ad-Hoc|ARM.ActiveCfg = Release|ARM
		{8A55E99A-0763-44A4-BFF4-38B0F726491C}.Ad-Hoc|ARM.Build.0 = Release|ARM
		{8A55E99A-0763-44A4-BFF4-38B0F726491C}.Ad-Hoc|ARM.Deploy.0 = Release|ARM
		{8A55E99A-0763-44A4-BFF4-38B0F726491C}.Ad-Hoc|iPhone.ActiveCfg = Release|Any CPU
		{8A55E99A-0763-44A4-BFF4-38B0F726491C}.Ad-Hoc|iPhone.Build.0 = Release|Any CPU
		{8A55E99A-0763-44A4-BFF4-38B0F726491C}.Ad-Hoc|iPhone.Deploy.0 = Release|Any CPU
		{8A55E99A-0763-44A4-BFF4-38B0F726491C}.Ad-Hoc|iPhoneSimulator.ActiveCfg = Release|Any CPU
		{8A55E99A-0763-44A4-BFF4-38B0F726491C}.Ad-Hoc|iPhoneSimulator.Build.0 = Release|Any CPU
		{8A55E99A-0763-44A4-BFF4-38B0F726491C}.Ad-Hoc|iPhoneSimulator.Deploy.0 = Release|Any CPU
		{8A55E99A-0763-44A4-BFF4-38B0F726491C}.Ad-Hoc|x64.ActiveCfg = Release|x64
		{8A55E99A-0763-44A4-BFF4-38B0F726491C}.Ad-Hoc|x64.Build.0 = Release|x64
		{8A55E99A-0763-44A4-BFF4-38B0F726491C}.Ad-Hoc|x64.Deploy.0 = Release|x64
		{8A55E99A-0763-44A4-BFF4-38B0F726491C}.Ad-Hoc|x86.ActiveCfg = Release|x86
		{8A55E99A-0763-44A4-BFF4-38B0F726491C}.Ad-Hoc|x86.Build.0 = Release|x86
		{8A55E99A-0763-44A4-BFF4-38B0F726491C}.Ad-Hoc|x86.Deploy.0 = Release|x86
		{8A55E99A-0763-44A4-BFF4-38B0F726491C}.AppStore|Any CPU.ActiveCfg = Release|Any CPU
		{8A55E99A-0763-44A4-BFF4-38B0F726491C}.AppStore|Any CPU.Build.0 = Release|Any CPU
		{8A55E99A-0763-44A4-BFF4-38B0F726491C}.AppStore|Any CPU.Deploy.0 = Release|Any CPU
		{8A55E99A-0763-44A4-BFF4-38B0F726491C}.AppStore|ARM.ActiveCfg = Release|ARM
		{8A55E99A-0763-44A4-BFF4-38B0F726491C}.AppStore|ARM.Build.0 = Release|ARM
		{8A55E99A-0763-44A4-BFF4-38B0F726491C}.AppStore|ARM.Deploy.0 = Release|ARM
		{8A55E99A-0763-44A4-BFF4-38B0F726491C}.AppStore|iPhone.ActiveCfg = Release|Any CPU
		{8A55E99A-0763-44A4-BFF4-38B0F726491C}.AppStore|iPhone.Build.0 = Release|Any CPU
		{8A55E99A-0763-44A4-BFF4-38B0F726491C}.AppStore|iPhone.Deploy.0 = Release|Any CPU
		{8A55E99A-0763-44A4-BFF4-38B0F726491C}.AppStore|iPhoneSimulator.ActiveCfg = Release|Any CPU
		{8A55E99A-0763-44A4-BFF4-38B0F726491C}.AppStore|iPhoneSimulator.Build.0 = Release|Any CPU
		{8A55E99A-0763-44A4-BFF4-38B0F726491C}.AppStore|iPhoneSimulator.Deploy.0 = Release|Any CPU
		{8A55E99A-0763-44A4-BFF4-38B0F726491C}.AppStore|x64.ActiveCfg = Release|x64
		{8A55E99A-0763-44A4-BFF4-38B0F726491C}.AppStore|x64.Build.0 = Release|x64
		{8A55E99A-0763-44A4-BFF4-38B0F726491C}.AppStore|x64.Deploy.0 = Release|x64
		{8A55E99A-0763-44A4-BFF4-38B0F726491C}.AppStore|x86.ActiveCfg = Release|x86
		{8A55E99A-0763-44A4-BFF4-38B0F726491C}.AppStore|x86.Build.0 = Release|x86
		{8A55E99A-0763-44A4-BFF4-38B0F726491C}.AppStore|x86.Deploy.0 = Release|x86
		{8A55E99A-0763-44A4-BFF4-38B0F726491C}.Debug|Any CPU.ActiveCfg = Debug|Any CPU
		{8A55E99A-0763-44A4-BFF4-38B0F726491C}.Debug|Any CPU.Build.0 = Debug|Any CPU
		{8A55E99A-0763-44A4-BFF4-38B0F726491C}.Debug|Any CPU.Deploy.0 = Debug|Any CPU
		{8A55E99A-0763-44A4-BFF4-38B0F726491C}.Debug|ARM.ActiveCfg = Debug|ARM
		{8A55E99A-0763-44A4-BFF4-38B0F726491C}.Debug|ARM.Build.0 = Debug|ARM
		{8A55E99A-0763-44A4-BFF4-38B0F726491C}.Debug|ARM.Deploy.0 = Debug|ARM
		{8A55E99A-0763-44A4-BFF4-38B0F726491C}.Debug|iPhone.ActiveCfg = Debug|Any CPU
		{8A55E99A-0763-44A4-BFF4-38B0F726491C}.Debug|iPhone.Build.0 = Debug|Any CPU
		{8A55E99A-0763-44A4-BFF4-38B0F726491C}.Debug|iPhone.Deploy.0 = Debug|Any CPU
		{8A55E99A-0763-44A4-BFF4-38B0F726491C}.Debug|iPhoneSimulator.ActiveCfg = Debug|Any CPU
		{8A55E99A-0763-44A4-BFF4-38B0F726491C}.Debug|iPhoneSimulator.Build.0 = Debug|Any CPU
		{8A55E99A-0763-44A4-BFF4-38B0F726491C}.Debug|iPhoneSimulator.Deploy.0 = Debug|Any CPU
		{8A55E99A-0763-44A4-BFF4-38B0F726491C}.Debug|x64.ActiveCfg = Debug|x64
		{8A55E99A-0763-44A4-BFF4-38B0F726491C}.Debug|x64.Build.0 = Debug|x64
		{8A55E99A-0763-44A4-BFF4-38B0F726491C}.Debug|x64.Deploy.0 = Debug|x64
		{8A55E99A-0763-44A4-BFF4-38B0F726491C}.Debug|x86.ActiveCfg = Debug|x86
		{8A55E99A-0763-44A4-BFF4-38B0F726491C}.Debug|x86.Build.0 = Debug|x86
		{8A55E99A-0763-44A4-BFF4-38B0F726491C}.Debug|x86.Deploy.0 = Debug|x86
		{8A55E99A-0763-44A4-BFF4-38B0F726491C}.Release|Any CPU.ActiveCfg = Release|Any CPU
		{8A55E99A-0763-44A4-BFF4-38B0F726491C}.Release|Any CPU.Build.0 = Release|Any CPU
		{8A55E99A-0763-44A4-BFF4-38B0F726491C}.Release|Any CPU.Deploy.0 = Release|Any CPU
		{8A55E99A-0763-44A4-BFF4-38B0F726491C}.Release|ARM.ActiveCfg = Release|ARM
		{8A55E99A-0763-44A4-BFF4-38B0F726491C}.Release|ARM.Build.0 = Release|ARM
		{8A55E99A-0763-44A4-BFF4-38B0F726491C}.Release|ARM.Deploy.0 = Release|ARM
		{8A55E99A-0763-44A4-BFF4-38B0F726491C}.Release|iPhone.ActiveCfg = Release|Any CPU
		{8A55E99A-0763-44A4-BFF4-38B0F726491C}.Release|iPhone.Build.0 = Release|Any CPU
		{8A55E99A-0763-44A4-BFF4-38B0F726491C}.Release|iPhone.Deploy.0 = Release|Any CPU
		{8A55E99A-0763-44A4-BFF4-38B0F726491C}.Release|iPhoneSimulator.ActiveCfg = Release|Any CPU
		{8A55E99A-0763-44A4-BFF4-38B0F726491C}.Release|iPhoneSimulator.Build.0 = Release|Any CPU
		{8A55E99A-0763-44A4-BFF4-38B0F726491C}.Release|iPhoneSimulator.Deploy.0 = Release|Any CPU
		{8A55E99A-0763-44A4-BFF4-38B0F726491C}.Release|x64.ActiveCfg = Release|x64
		{8A55E99A-0763-44A4-BFF4-38B0F726491C}.Release|x64.Build.0 = Release|x64
		{8A55E99A-0763-44A4-BFF4-38B0F726491C}.Release|x64.Deploy.0 = Release|x64
		{8A55E99A-0763-44A4-BFF4-38B0F726491C}.Release|x86.ActiveCfg = Release|x86
		{8A55E99A-0763-44A4-BFF4-38B0F726491C}.Release|x86.Build.0 = Release|x86
		{8A55E99A-0763-44A4-BFF4-38B0F726491C}.Release|x86.Deploy.0 = Release|x86
	EndGlobalSection
	GlobalSection(SolutionProperties) = preSolution
		HideSolutionNode = FALSE
	EndGlobalSection
	GlobalSection(NestedProjects) = preSolution
		{FE80D01E-8F61-4406-92CA-FF8975ABA68D} = {6939EB8B-3039-4DAC-BB35-DB3BE837EAB5}
		{AD3AE07E-5F2D-4B64-BBE5-86E951583E8F} = {6939EB8B-3039-4DAC-BB35-DB3BE837EAB5}
		{E0C2A8FA-8A86-4E45-A335-1333C3F29DCF} = {6939EB8B-3039-4DAC-BB35-DB3BE837EAB5}
		{65BC127C-F7CA-4758-B0BF-1E373790D1B7} = {6939EB8B-3039-4DAC-BB35-DB3BE837EAB5}
		{32265C11-F80F-48DA-95EC-3378E3563719} = {6939EB8B-3039-4DAC-BB35-DB3BE837EAB5}
		{FF58836B-1848-4F63-8FFB-DF203E75D96C} = {5EB4DA8A-1C4E-4067-B889-2F04ABDB2563}
		{FCD4FDBD-60CA-4441-A286-3679968E6B0D} = {6939EB8B-3039-4DAC-BB35-DB3BE837EAB5}
		{76DFA537-B10C-4958-86C7-A82566FA2284} = {5EB4DA8A-1C4E-4067-B889-2F04ABDB2563}
		{9701D797-2B78-4ECB-AA46-994BFD9A44B9} = {5EB4DA8A-1C4E-4067-B889-2F04ABDB2563}
		{5DFD550D-772E-4135-8A2E-AF737EBFF36C} = {5EB4DA8A-1C4E-4067-B889-2F04ABDB2563}
		{75536697-5C71-4EE1-B78E-BCA0F0337478} = {5EB4DA8A-1C4E-4067-B889-2F04ABDB2563}
		{8A55E99A-0763-44A4-BFF4-38B0F726491C} = {5EB4DA8A-1C4E-4067-B889-2F04ABDB2563}
	EndGlobalSection
EndGlobal
