
Microsoft Visual Studio Solution File, Format Version 12.00
# Visual Studio 14
VisualStudioVersion = 14.0.25123.0
MinimumVisualStudioVersion = 10.0.40219.1
Project("{FAE04EC0-301F-11D3-BF4B-00C04F79EFBC}") = "WindowsApp", "test\WindowsApp\WindowsApp.csproj", "{C8989C81-8722-4E2A-A915-4A56778E887E}"
EndProject
Project("{FAE04EC0-301F-11D3-BF4B-00C04F79EFBC}") = "AndroidApp", "test\AndroidApp\AndroidApp.csproj", "{F37225B9-B08B-416D-B18B-51F5C6CD025D}"
EndProject
Project("{FAE04EC0-301F-11D3-BF4B-00C04F79EFBC}") = "iOSApp", "test\iOSApp\iOSApp.csproj", "{3149DE6E-957D-4C40-A086-29C771744D59}"
EndProject
Project("{FAE04EC0-301F-11D3-BF4B-00C04F79EFBC}") = "UnitTest", "test\UnitTest\UnitTest.csproj", "{1D60E5C4-518E-49A2-AE1D-799D394580BB}"
EndProject
Global
	GlobalSection(SolutionConfigurationPlatforms) = preSolution
		Ad-Hoc|Any CPU = Ad-Hoc|Any CPU
		Ad-Hoc|ARM = Ad-Hoc|ARM
		Ad-Hoc|iPhone = Ad-Hoc|iPhone
		Ad-Hoc|iPhoneSimulator = Ad-Hoc|iPhoneSimulator
		Ad-Hoc|x64 = Ad-Hoc|x64
		Ad-Hoc|x86 = Ad-Hoc|x86
		AppStore|Any CPU = AppStore|Any CPU
		AppStore|ARM = AppStore|ARM
		AppStore|iPhone = AppStore|iPhone
		AppStore|iPhoneSimulator = AppStore|iPhoneSimulator
		AppStore|x64 = AppStore|x64
		AppStore|x86 = AppStore|x86
		Debug|Any CPU = Debug|Any CPU
		Debug|ARM = Debug|ARM
		Debug|iPhone = Debug|iPhone
		Debug|iPhoneSimulator = Debug|iPhoneSimulator
		Debug|x64 = Debug|x64
		Debug|x86 = Debug|x86
		Release|Any CPU = Release|Any CPU
		Release|ARM = Release|ARM
		Release|iPhone = Release|iPhone
		Release|iPhoneSimulator = Release|iPhoneSimulator
		Release|x64 = Release|x64
		Release|x86 = Release|x86
	EndGlobalSection
	GlobalSection(ProjectConfigurationPlatforms) = postSolution
		{C8989C81-8722-4E2A-A915-4A56778E887E}.Ad-Hoc|Any CPU.ActiveCfg = Release|x64
		{C8989C81-8722-4E2A-A915-4A56778E887E}.Ad-Hoc|Any CPU.Build.0 = Release|x64
		{C8989C81-8722-4E2A-A915-4A56778E887E}.Ad-Hoc|Any CPU.Deploy.0 = Release|x64
		{C8989C81-8722-4E2A-A915-4A56778E887E}.Ad-Hoc|ARM.ActiveCfg = Release|ARM
		{C8989C81-8722-4E2A-A915-4A56778E887E}.Ad-Hoc|ARM.Build.0 = Release|ARM
		{C8989C81-8722-4E2A-A915-4A56778E887E}.Ad-Hoc|ARM.Deploy.0 = Release|ARM
		{C8989C81-8722-4E2A-A915-4A56778E887E}.Ad-Hoc|iPhone.ActiveCfg = Release|x64
		{C8989C81-8722-4E2A-A915-4A56778E887E}.Ad-Hoc|iPhone.Build.0 = Release|x64
		{C8989C81-8722-4E2A-A915-4A56778E887E}.Ad-Hoc|iPhone.Deploy.0 = Release|x64
		{C8989C81-8722-4E2A-A915-4A56778E887E}.Ad-Hoc|iPhoneSimulator.ActiveCfg = Release|x64
		{C8989C81-8722-4E2A-A915-4A56778E887E}.Ad-Hoc|iPhoneSimulator.Build.0 = Release|x64
		{C8989C81-8722-4E2A-A915-4A56778E887E}.Ad-Hoc|iPhoneSimulator.Deploy.0 = Release|x64
		{C8989C81-8722-4E2A-A915-4A56778E887E}.Ad-Hoc|x64.ActiveCfg = Release|x64
		{C8989C81-8722-4E2A-A915-4A56778E887E}.Ad-Hoc|x64.Build.0 = Release|x64
		{C8989C81-8722-4E2A-A915-4A56778E887E}.Ad-Hoc|x64.Deploy.0 = Release|x64
		{C8989C81-8722-4E2A-A915-4A56778E887E}.Ad-Hoc|x86.ActiveCfg = Release|x86
		{C8989C81-8722-4E2A-A915-4A56778E887E}.Ad-Hoc|x86.Build.0 = Release|x86
		{C8989C81-8722-4E2A-A915-4A56778E887E}.Ad-Hoc|x86.Deploy.0 = Release|x86
		{C8989C81-8722-4E2A-A915-4A56778E887E}.AppStore|Any CPU.ActiveCfg = Release|x64
		{C8989C81-8722-4E2A-A915-4A56778E887E}.AppStore|Any CPU.Build.0 = Release|x64
		{C8989C81-8722-4E2A-A915-4A56778E887E}.AppStore|Any CPU.Deploy.0 = Release|x64
		{C8989C81-8722-4E2A-A915-4A56778E887E}.AppStore|ARM.ActiveCfg = Release|ARM
		{C8989C81-8722-4E2A-A915-4A56778E887E}.AppStore|ARM.Build.0 = Release|ARM
		{C8989C81-8722-4E2A-A915-4A56778E887E}.AppStore|ARM.Deploy.0 = Release|ARM
		{C8989C81-8722-4E2A-A915-4A56778E887E}.AppStore|iPhone.ActiveCfg = Release|x64
		{C8989C81-8722-4E2A-A915-4A56778E887E}.AppStore|iPhone.Build.0 = Release|x64
		{C8989C81-8722-4E2A-A915-4A56778E887E}.AppStore|iPhone.Deploy.0 = Release|x64
		{C8989C81-8722-4E2A-A915-4A56778E887E}.AppStore|iPhoneSimulator.ActiveCfg = Release|x64
		{C8989C81-8722-4E2A-A915-4A56778E887E}.AppStore|iPhoneSimulator.Build.0 = Release|x64
		{C8989C81-8722-4E2A-A915-4A56778E887E}.AppStore|iPhoneSimulator.Deploy.0 = Release|x64
		{C8989C81-8722-4E2A-A915-4A56778E887E}.AppStore|x64.ActiveCfg = Release|x64
		{C8989C81-8722-4E2A-A915-4A56778E887E}.AppStore|x64.Build.0 = Release|x64
		{C8989C81-8722-4E2A-A915-4A56778E887E}.AppStore|x64.Deploy.0 = Release|x64
		{C8989C81-8722-4E2A-A915-4A56778E887E}.AppStore|x86.ActiveCfg = Release|x86
		{C8989C81-8722-4E2A-A915-4A56778E887E}.AppStore|x86.Build.0 = Release|x86
		{C8989C81-8722-4E2A-A915-4A56778E887E}.AppStore|x86.Deploy.0 = Release|x86
		{C8989C81-8722-4E2A-A915-4A56778E887E}.Debug|Any CPU.ActiveCfg = Debug|x86
		{C8989C81-8722-4E2A-A915-4A56778E887E}.Debug|ARM.ActiveCfg = Debug|ARM
		{C8989C81-8722-4E2A-A915-4A56778E887E}.Debug|ARM.Build.0 = Debug|ARM
		{C8989C81-8722-4E2A-A915-4A56778E887E}.Debug|ARM.Deploy.0 = Debug|ARM
		{C8989C81-8722-4E2A-A915-4A56778E887E}.Debug|iPhone.ActiveCfg = Debug|x86
		{C8989C81-8722-4E2A-A915-4A56778E887E}.Debug|iPhoneSimulator.ActiveCfg = Debug|x86
		{C8989C81-8722-4E2A-A915-4A56778E887E}.Debug|x64.ActiveCfg = Debug|x64
		{C8989C81-8722-4E2A-A915-4A56778E887E}.Debug|x64.Build.0 = Debug|x64
		{C8989C81-8722-4E2A-A915-4A56778E887E}.Debug|x64.Deploy.0 = Debug|x64
		{C8989C81-8722-4E2A-A915-4A56778E887E}.Debug|x86.ActiveCfg = Debug|x86
		{C8989C81-8722-4E2A-A915-4A56778E887E}.Debug|x86.Build.0 = Debug|x86
		{C8989C81-8722-4E2A-A915-4A56778E887E}.Debug|x86.Deploy.0 = Debug|x86
		{C8989C81-8722-4E2A-A915-4A56778E887E}.Release|Any CPU.ActiveCfg = Release|x86
		{C8989C81-8722-4E2A-A915-4A56778E887E}.Release|ARM.ActiveCfg = Release|ARM
		{C8989C81-8722-4E2A-A915-4A56778E887E}.Release|ARM.Build.0 = Release|ARM
		{C8989C81-8722-4E2A-A915-4A56778E887E}.Release|ARM.Deploy.0 = Release|ARM
		{C8989C81-8722-4E2A-A915-4A56778E887E}.Release|iPhone.ActiveCfg = Release|x86
		{C8989C81-8722-4E2A-A915-4A56778E887E}.Release|iPhoneSimulator.ActiveCfg = Release|x86
		{C8989C81-8722-4E2A-A915-4A56778E887E}.Release|x64.ActiveCfg = Release|x64
		{C8989C81-8722-4E2A-A915-4A56778E887E}.Release|x64.Build.0 = Release|x64
		{C8989C81-8722-4E2A-A915-4A56778E887E}.Release|x64.Deploy.0 = Release|x64
		{C8989C81-8722-4E2A-A915-4A56778E887E}.Release|x86.ActiveCfg = Release|x86
		{C8989C81-8722-4E2A-A915-4A56778E887E}.Release|x86.Build.0 = Release|x86
		{C8989C81-8722-4E2A-A915-4A56778E887E}.Release|x86.Deploy.0 = Release|x86
		{F37225B9-B08B-416D-B18B-51F5C6CD025D}.Ad-Hoc|Any CPU.ActiveCfg = Release|Any CPU
		{F37225B9-B08B-416D-B18B-51F5C6CD025D}.Ad-Hoc|Any CPU.Build.0 = Release|Any CPU
		{F37225B9-B08B-416D-B18B-51F5C6CD025D}.Ad-Hoc|Any CPU.Deploy.0 = Release|Any CPU
		{F37225B9-B08B-416D-B18B-51F5C6CD025D}.Ad-Hoc|ARM.ActiveCfg = Release|Any CPU
		{F37225B9-B08B-416D-B18B-51F5C6CD025D}.Ad-Hoc|ARM.Build.0 = Release|Any CPU
		{F37225B9-B08B-416D-B18B-51F5C6CD025D}.Ad-Hoc|ARM.Deploy.0 = Release|Any CPU
		{F37225B9-B08B-416D-B18B-51F5C6CD025D}.Ad-Hoc|iPhone.ActiveCfg = Release|Any CPU
		{F37225B9-B08B-416D-B18B-51F5C6CD025D}.Ad-Hoc|iPhone.Build.0 = Release|Any CPU
		{F37225B9-B08B-416D-B18B-51F5C6CD025D}.Ad-Hoc|iPhone.Deploy.0 = Release|Any CPU
		{F37225B9-B08B-416D-B18B-51F5C6CD025D}.Ad-Hoc|iPhoneSimulator.ActiveCfg = Release|Any CPU
		{F37225B9-B08B-416D-B18B-51F5C6CD025D}.Ad-Hoc|iPhoneSimulator.Build.0 = Release|Any CPU
		{F37225B9-B08B-416D-B18B-51F5C6CD025D}.Ad-Hoc|iPhoneSimulator.Deploy.0 = Release|Any CPU
		{F37225B9-B08B-416D-B18B-51F5C6CD025D}.Ad-Hoc|x64.ActiveCfg = Release|Any CPU
		{F37225B9-B08B-416D-B18B-51F5C6CD025D}.Ad-Hoc|x64.Build.0 = Release|Any CPU
		{F37225B9-B08B-416D-B18B-51F5C6CD025D}.Ad-Hoc|x64.Deploy.0 = Release|Any CPU
		{F37225B9-B08B-416D-B18B-51F5C6CD025D}.Ad-Hoc|x86.ActiveCfg = Release|Any CPU
		{F37225B9-B08B-416D-B18B-51F5C6CD025D}.Ad-Hoc|x86.Build.0 = Release|Any CPU
		{F37225B9-B08B-416D-B18B-51F5C6CD025D}.Ad-Hoc|x86.Deploy.0 = Release|Any CPU
		{F37225B9-B08B-416D-B18B-51F5C6CD025D}.AppStore|Any CPU.ActiveCfg = Release|Any CPU
		{F37225B9-B08B-416D-B18B-51F5C6CD025D}.AppStore|Any CPU.Build.0 = Release|Any CPU
		{F37225B9-B08B-416D-B18B-51F5C6CD025D}.AppStore|Any CPU.Deploy.0 = Release|Any CPU
		{F37225B9-B08B-416D-B18B-51F5C6CD025D}.AppStore|ARM.ActiveCfg = Release|Any CPU
		{F37225B9-B08B-416D-B18B-51F5C6CD025D}.AppStore|ARM.Build.0 = Release|Any CPU
		{F37225B9-B08B-416D-B18B-51F5C6CD025D}.AppStore|ARM.Deploy.0 = Release|Any CPU
		{F37225B9-B08B-416D-B18B-51F5C6CD025D}.AppStore|iPhone.ActiveCfg = Release|Any CPU
		{F37225B9-B08B-416D-B18B-51F5C6CD025D}.AppStore|iPhone.Build.0 = Release|Any CPU
		{F37225B9-B08B-416D-B18B-51F5C6CD025D}.AppStore|iPhone.Deploy.0 = Release|Any CPU
		{F37225B9-B08B-416D-B18B-51F5C6CD025D}.AppStore|iPhoneSimulator.ActiveCfg = Release|Any CPU
		{F37225B9-B08B-416D-B18B-51F5C6CD025D}.AppStore|iPhoneSimulator.Build.0 = Release|Any CPU
		{F37225B9-B08B-416D-B18B-51F5C6CD025D}.AppStore|iPhoneSimulator.Deploy.0 = Release|Any CPU
		{F37225B9-B08B-416D-B18B-51F5C6CD025D}.AppStore|x64.ActiveCfg = Release|Any CPU
		{F37225B9-B08B-416D-B18B-51F5C6CD025D}.AppStore|x64.Build.0 = Release|Any CPU
		{F37225B9-B08B-416D-B18B-51F5C6CD025D}.AppStore|x64.Deploy.0 = Release|Any CPU
		{F37225B9-B08B-416D-B18B-51F5C6CD025D}.AppStore|x86.ActiveCfg = Release|Any CPU
		{F37225B9-B08B-416D-B18B-51F5C6CD025D}.AppStore|x86.Build.0 = Release|Any CPU
		{F37225B9-B08B-416D-B18B-51F5C6CD025D}.AppStore|x86.Deploy.0 = Release|Any CPU
		{F37225B9-B08B-416D-B18B-51F5C6CD025D}.Debug|Any CPU.ActiveCfg = Debug|Any CPU
		{F37225B9-B08B-416D-B18B-51F5C6CD025D}.Debug|Any CPU.Build.0 = Debug|Any CPU
		{F37225B9-B08B-416D-B18B-51F5C6CD025D}.Debug|Any CPU.Deploy.0 = Debug|Any CPU
		{F37225B9-B08B-416D-B18B-51F5C6CD025D}.Debug|ARM.ActiveCfg = Debug|Any CPU
		{F37225B9-B08B-416D-B18B-51F5C6CD025D}.Debug|ARM.Build.0 = Debug|Any CPU
		{F37225B9-B08B-416D-B18B-51F5C6CD025D}.Debug|ARM.Deploy.0 = Debug|Any CPU
		{F37225B9-B08B-416D-B18B-51F5C6CD025D}.Debug|iPhone.ActiveCfg = Debug|Any CPU
		{F37225B9-B08B-416D-B18B-51F5C6CD025D}.Debug|iPhone.Build.0 = Debug|Any CPU
		{F37225B9-B08B-416D-B18B-51F5C6CD025D}.Debug|iPhone.Deploy.0 = Debug|Any CPU
		{F37225B9-B08B-416D-B18B-51F5C6CD025D}.Debug|iPhoneSimulator.ActiveCfg = Debug|Any CPU
		{F37225B9-B08B-416D-B18B-51F5C6CD025D}.Debug|iPhoneSimulator.Build.0 = Debug|Any CPU
		{F37225B9-B08B-416D-B18B-51F5C6CD025D}.Debug|iPhoneSimulator.Deploy.0 = Debug|Any CPU
		{F37225B9-B08B-416D-B18B-51F5C6CD025D}.Debug|x64.ActiveCfg = Debug|Any CPU
		{F37225B9-B08B-416D-B18B-51F5C6CD025D}.Debug|x64.Build.0 = Debug|Any CPU
		{F37225B9-B08B-416D-B18B-51F5C6CD025D}.Debug|x64.Deploy.0 = Debug|Any CPU
		{F37225B9-B08B-416D-B18B-51F5C6CD025D}.Debug|x86.ActiveCfg = Debug|Any CPU
		{F37225B9-B08B-416D-B18B-51F5C6CD025D}.Debug|x86.Build.0 = Debug|Any CPU
		{F37225B9-B08B-416D-B18B-51F5C6CD025D}.Debug|x86.Deploy.0 = Debug|Any CPU
		{F37225B9-B08B-416D-B18B-51F5C6CD025D}.Release|Any CPU.ActiveCfg = Release|Any CPU
		{F37225B9-B08B-416D-B18B-51F5C6CD025D}.Release|Any CPU.Build.0 = Release|Any CPU
		{F37225B9-B08B-416D-B18B-51F5C6CD025D}.Release|Any CPU.Deploy.0 = Release|Any CPU
		{F37225B9-B08B-416D-B18B-51F5C6CD025D}.Release|ARM.ActiveCfg = Release|Any CPU
		{F37225B9-B08B-416D-B18B-51F5C6CD025D}.Release|ARM.Build.0 = Release|Any CPU
		{F37225B9-B08B-416D-B18B-51F5C6CD025D}.Release|ARM.Deploy.0 = Release|Any CPU
		{F37225B9-B08B-416D-B18B-51F5C6CD025D}.Release|iPhone.ActiveCfg = Release|Any CPU
		{F37225B9-B08B-416D-B18B-51F5C6CD025D}.Release|iPhone.Build.0 = Release|Any CPU
		{F37225B9-B08B-416D-B18B-51F5C6CD025D}.Release|iPhone.Deploy.0 = Release|Any CPU
		{F37225B9-B08B-416D-B18B-51F5C6CD025D}.Release|iPhoneSimulator.ActiveCfg = Release|Any CPU
		{F37225B9-B08B-416D-B18B-51F5C6CD025D}.Release|iPhoneSimulator.Build.0 = Release|Any CPU
		{F37225B9-B08B-416D-B18B-51F5C6CD025D}.Release|iPhoneSimulator.Deploy.0 = Release|Any CPU
		{F37225B9-B08B-416D-B18B-51F5C6CD025D}.Release|x64.ActiveCfg = Release|Any CPU
		{F37225B9-B08B-416D-B18B-51F5C6CD025D}.Release|x64.Build.0 = Release|Any CPU
		{F37225B9-B08B-416D-B18B-51F5C6CD025D}.Release|x64.Deploy.0 = Release|Any CPU
		{F37225B9-B08B-416D-B18B-51F5C6CD025D}.Release|x86.ActiveCfg = Release|Any CPU
		{F37225B9-B08B-416D-B18B-51F5C6CD025D}.Release|x86.Build.0 = Release|Any CPU
		{F37225B9-B08B-416D-B18B-51F5C6CD025D}.Release|x86.Deploy.0 = Release|Any CPU
		{3149DE6E-957D-4C40-A086-29C771744D59}.Ad-Hoc|Any CPU.ActiveCfg = Ad-Hoc|iPhone
		{3149DE6E-957D-4C40-A086-29C771744D59}.Ad-Hoc|ARM.ActiveCfg = Ad-Hoc|iPhone
		{3149DE6E-957D-4C40-A086-29C771744D59}.Ad-Hoc|iPhone.ActiveCfg = Ad-Hoc|iPhone
		{3149DE6E-957D-4C40-A086-29C771744D59}.Ad-Hoc|iPhone.Build.0 = Ad-Hoc|iPhone
		{3149DE6E-957D-4C40-A086-29C771744D59}.Ad-Hoc|iPhoneSimulator.ActiveCfg = Ad-Hoc|iPhoneSimulator
		{3149DE6E-957D-4C40-A086-29C771744D59}.Ad-Hoc|iPhoneSimulator.Build.0 = Ad-Hoc|iPhoneSimulator
		{3149DE6E-957D-4C40-A086-29C771744D59}.Ad-Hoc|x64.ActiveCfg = Ad-Hoc|iPhone
		{3149DE6E-957D-4C40-A086-29C771744D59}.Ad-Hoc|x86.ActiveCfg = Ad-Hoc|iPhone
		{3149DE6E-957D-4C40-A086-29C771744D59}.AppStore|Any CPU.ActiveCfg = AppStore|iPhone
		{3149DE6E-957D-4C40-A086-29C771744D59}.AppStore|ARM.ActiveCfg = AppStore|iPhone
		{3149DE6E-957D-4C40-A086-29C771744D59}.AppStore|iPhone.ActiveCfg = AppStore|iPhone
		{3149DE6E-957D-4C40-A086-29C771744D59}.AppStore|iPhone.Build.0 = AppStore|iPhone
		{3149DE6E-957D-4C40-A086-29C771744D59}.AppStore|iPhoneSimulator.ActiveCfg = AppStore|iPhoneSimulator
		{3149DE6E-957D-4C40-A086-29C771744D59}.AppStore|iPhoneSimulator.Build.0 = AppStore|iPhoneSimulator
		{3149DE6E-957D-4C40-A086-29C771744D59}.AppStore|x64.ActiveCfg = AppStore|iPhone
		{3149DE6E-957D-4C40-A086-29C771744D59}.AppStore|x86.ActiveCfg = AppStore|iPhone
		{3149DE6E-957D-4C40-A086-29C771744D59}.Debug|Any CPU.ActiveCfg = Debug|iPhone
		{3149DE6E-957D-4C40-A086-29C771744D59}.Debug|ARM.ActiveCfg = Debug|iPhone
		{3149DE6E-957D-4C40-A086-29C771744D59}.Debug|iPhone.ActiveCfg = Debug|iPhone
		{3149DE6E-957D-4C40-A086-29C771744D59}.Debug|iPhone.Build.0 = Debug|iPhone
		{3149DE6E-957D-4C40-A086-29C771744D59}.Debug|iPhoneSimulator.ActiveCfg = Debug|iPhoneSimulator
		{3149DE6E-957D-4C40-A086-29C771744D59}.Debug|iPhoneSimulator.Build.0 = Debug|iPhoneSimulator
		{3149DE6E-957D-4C40-A086-29C771744D59}.Debug|x64.ActiveCfg = Debug|iPhone
		{3149DE6E-957D-4C40-A086-29C771744D59}.Debug|x86.ActiveCfg = Debug|iPhone
		{3149DE6E-957D-4C40-A086-29C771744D59}.Release|Any CPU.ActiveCfg = Release|iPhone
		{3149DE6E-957D-4C40-A086-29C771744D59}.Release|ARM.ActiveCfg = Release|iPhone
		{3149DE6E-957D-4C40-A086-29C771744D59}.Release|iPhone.ActiveCfg = Release|iPhone
		{3149DE6E-957D-4C40-A086-29C771744D59}.Release|iPhone.Build.0 = Release|iPhone
		{3149DE6E-957D-4C40-A086-29C771744D59}.Release|iPhoneSimulator.ActiveCfg = Release|iPhoneSimulator
		{3149DE6E-957D-4C40-A086-29C771744D59}.Release|iPhoneSimulator.Build.0 = Release|iPhoneSimulator
		{3149DE6E-957D-4C40-A086-29C771744D59}.Release|x64.ActiveCfg = Release|iPhone
		{3149DE6E-957D-4C40-A086-29C771744D59}.Release|x86.ActiveCfg = Release|iPhone
		{1D60E5C4-518E-49A2-AE1D-799D394580BB}.Ad-Hoc|Any CPU.ActiveCfg = Release|Any CPU
		{1D60E5C4-518E-49A2-AE1D-799D394580BB}.Ad-Hoc|Any CPU.Build.0 = Release|Any CPU
		{1D60E5C4-518E-49A2-AE1D-799D394580BB}.Ad-Hoc|ARM.ActiveCfg = Release|Any CPU
		{1D60E5C4-518E-49A2-AE1D-799D394580BB}.Ad-Hoc|ARM.Build.0 = Release|Any CPU
		{1D60E5C4-518E-49A2-AE1D-799D394580BB}.Ad-Hoc|iPhone.ActiveCfg = Release|Any CPU
		{1D60E5C4-518E-49A2-AE1D-799D394580BB}.Ad-Hoc|iPhone.Build.0 = Release|Any CPU
		{1D60E5C4-518E-49A2-AE1D-799D394580BB}.Ad-Hoc|iPhoneSimulator.ActiveCfg = Release|Any CPU
		{1D60E5C4-518E-49A2-AE1D-799D394580BB}.Ad-Hoc|iPhoneSimulator.Build.0 = Release|Any CPU
		{1D60E5C4-518E-49A2-AE1D-799D394580BB}.Ad-Hoc|x64.ActiveCfg = Release|Any CPU
		{1D60E5C4-518E-49A2-AE1D-799D394580BB}.Ad-Hoc|x64.Build.0 = Release|Any CPU
		{1D60E5C4-518E-49A2-AE1D-799D394580BB}.Ad-Hoc|x86.ActiveCfg = Release|Any CPU
		{1D60E5C4-518E-49A2-AE1D-799D394580BB}.Ad-Hoc|x86.Build.0 = Release|Any CPU
		{1D60E5C4-518E-49A2-AE1D-799D394580BB}.AppStore|Any CPU.ActiveCfg = Release|Any CPU
		{1D60E5C4-518E-49A2-AE1D-799D394580BB}.AppStore|Any CPU.Build.0 = Release|Any CPU
		{1D60E5C4-518E-49A2-AE1D-799D394580BB}.AppStore|ARM.ActiveCfg = Release|Any CPU
		{1D60E5C4-518E-49A2-AE1D-799D394580BB}.AppStore|ARM.Build.0 = Release|Any CPU
		{1D60E5C4-518E-49A2-AE1D-799D394580BB}.AppStore|iPhone.ActiveCfg = Release|Any CPU
		{1D60E5C4-518E-49A2-AE1D-799D394580BB}.AppStore|iPhone.Build.0 = Release|Any CPU
		{1D60E5C4-518E-49A2-AE1D-799D394580BB}.AppStore|iPhoneSimulator.ActiveCfg = Release|Any CPU
		{1D60E5C4-518E-49A2-AE1D-799D394580BB}.AppStore|iPhoneSimulator.Build.0 = Release|Any CPU
		{1D60E5C4-518E-49A2-AE1D-799D394580BB}.AppStore|x64.ActiveCfg = Release|Any CPU
		{1D60E5C4-518E-49A2-AE1D-799D394580BB}.AppStore|x64.Build.0 = Release|Any CPU
		{1D60E5C4-518E-49A2-AE1D-799D394580BB}.AppStore|x86.ActiveCfg = Release|Any CPU
		{1D60E5C4-518E-49A2-AE1D-799D394580BB}.AppStore|x86.Build.0 = Release|Any CPU
		{1D60E5C4-518E-49A2-AE1D-799D394580BB}.Debug|Any CPU.ActiveCfg = Debug|Any CPU
		{1D60E5C4-518E-49A2-AE1D-799D394580BB}.Debug|Any CPU.Build.0 = Debug|Any CPU
		{1D60E5C4-518E-49A2-AE1D-799D394580BB}.Debug|ARM.ActiveCfg = Debug|Any CPU
		{1D60E5C4-518E-49A2-AE1D-799D394580BB}.Debug|ARM.Build.0 = Debug|Any CPU
		{1D60E5C4-518E-49A2-AE1D-799D394580BB}.Debug|iPhone.ActiveCfg = Debug|Any CPU
		{1D60E5C4-518E-49A2-AE1D-799D394580BB}.Debug|iPhone.Build.0 = Debug|Any CPU
		{1D60E5C4-518E-49A2-AE1D-799D394580BB}.Debug|iPhoneSimulator.ActiveCfg = Debug|Any CPU
		{1D60E5C4-518E-49A2-AE1D-799D394580BB}.Debug|iPhoneSimulator.Build.0 = Debug|Any CPU
		{1D60E5C4-518E-49A2-AE1D-799D394580BB}.Debug|x64.ActiveCfg = Debug|Any CPU
		{1D60E5C4-518E-49A2-AE1D-799D394580BB}.Debug|x64.Build.0 = Debug|Any CPU
		{1D60E5C4-518E-49A2-AE1D-799D394580BB}.Debug|x86.ActiveCfg = Debug|Any CPU
		{1D60E5C4-518E-49A2-AE1D-799D394580BB}.Debug|x86.Build.0 = Debug|Any CPU
		{1D60E5C4-518E-49A2-AE1D-799D394580BB}.Release|Any CPU.ActiveCfg = Release|Any CPU
		{1D60E5C4-518E-49A2-AE1D-799D394580BB}.Release|Any CPU.Build.0 = Release|Any CPU
		{1D60E5C4-518E-49A2-AE1D-799D394580BB}.Release|ARM.ActiveCfg = Release|Any CPU
		{1D60E5C4-518E-49A2-AE1D-799D394580BB}.Release|ARM.Build.0 = Release|Any CPU
		{1D60E5C4-518E-49A2-AE1D-799D394580BB}.Release|iPhone.ActiveCfg = Release|Any CPU
		{1D60E5C4-518E-49A2-AE1D-799D394580BB}.Release|iPhone.Build.0 = Release|Any CPU
		{1D60E5C4-518E-49A2-AE1D-799D394580BB}.Release|iPhoneSimulator.ActiveCfg = Release|Any CPU
		{1D60E5C4-518E-49A2-AE1D-799D394580BB}.Release|iPhoneSimulator.Build.0 = Release|Any CPU
		{1D60E5C4-518E-49A2-AE1D-799D394580BB}.Release|x64.ActiveCfg = Release|Any CPU
		{1D60E5C4-518E-49A2-AE1D-799D394580BB}.Release|x64.Build.0 = Release|Any CPU
		{1D60E5C4-518E-49A2-AE1D-799D394580BB}.Release|x86.ActiveCfg = Release|Any CPU
		{1D60E5C4-518E-49A2-AE1D-799D394580BB}.Release|x86.Build.0 = Release|Any CPU
	EndGlobalSection
	GlobalSection(SolutionProperties) = preSolution
		HideSolutionNode = FALSE
	EndGlobalSection
EndGlobal
